<?xml version="1.0" encoding="utf-8"?>
<Project ToolsVersion="15.0" xmlns="http://schemas.microsoft.com/developer/msbuild/2003">
  <ItemGroup>
    <Filter Include="Resource Files">
      <UniqueIdentifier>{67DA6AB6-F800-4c08-8B7A-83BB121AAD01}</UniqueIdentifier>
      <Extensions>rc;ico;cur;bmp;dlg;rc2;rct;bin;rgs;gif;jpg;jpeg;jpe;resx;tga;tiff;tif;png;wav;mfcribbon-ms</Extensions>
    </Filter>
  </ItemGroup>
  <ItemGroup>
    <ClCompile Include="MediaRecorderCore\Platform\EncoderEnumerator.cpp" />
    <ClCompile Include="MediaRecorderCore\Platform\MP3CodecFactory.cpp" />
    <ClCompile Include="MediaRecorderCore\Platform\PlatformClassFactory.cpp" />
    <ClCompile Include="MediaRecorderCore\Platform\PlatformHelpers.cpp" />
    <ClCompile Include="MediaRecorderCore\Platform\Wma8CodecFactory.cpp" />
    <ClCompile Include="MediaRecorderCore\Platform\AmrNbCodecFactory.cpp" />
    <ClCompile Include="MediaRecorderCore\Platform\FlacCodecFactory.cpp" />
    <ClCompile Include="MediaRecorderCore\Platform\DolbyAC3CodecFactory.cpp" />
    <ClCompile Include="MediaRecorderCore\Platform\AlacCodecFactory.cpp" />
    <ClCompile Include="MediaRecorderCore\Platform\AacCodecFactory.cpp" />
  </ItemGroup>
  <ItemGroup>
    <ClInclude Include="MediaRecorderCore\Platform\EncoderEnumerator.h" />
    <ClInclude Include="MediaRecorderCore\Platform\MP3CodecFactory.h" />
    <ClInclude Include="MediaRecorderCore\Platform\PlatformHelpers.h" />
    <ClInclude Include="MediaRecorderCore\Platform\Wma8CodecFactory.h" />
    <ClInclude Include="MediaRecorderCore\Platform\AmrNbCodecFactory.h" />
    <ClInclude Include="MediaRecorderCore\Platform\FlacCodecFactory.h" />
    <ClInclude Include="MediaRecorderCore\Platform\DolbyAC3CodecFactory.h" />
    <ClInclude Include="MediaRecorderCore\Platform\AlacCodecFactory.h" />
    <ClInclude Include="MediaRecorderCore\Platform\AacCodecFactory.h" />
  </ItemGroup>
</Project>