
Microsoft Visual Studio Solution File, Format Version 12.00
# Visual Studio Version 18
VisualStudioVersion = 18.9.12105.275
MinimumVisualStudioVersion = 10.0.40219.1
Project("{2150E333-8FDC-42A3-9474-1A3956D46DE8}") = "!Scripts", "!Scripts", "{D00E7632-E134-49A1-B9D0-878E959F6514}"
	ProjectSection(SolutionItems) = preProject
		Scripts\Nuget.CppFeatures.Build.Release.cmd = Scripts\Nuget.CppFeatures.Build.Release.cmd
		Scripts\Nuget.CrashHandling.Build.Release.cmd = Scripts\Nuget.CrashHandling.Build.Release.cmd
		Scripts\Solution.UtilityHelpersLib.Nugets.cmd = Scripts\Solution.UtilityHelpersLib.Nugets.cmd
	EndProjectSection
EndProject
Project("{2150E333-8FDC-42A3-9474-1A3956D46DE8}") = "NugetProjects", "NugetProjects", "{5ED3376F-7EBD-4E7B-8B3F-E256D8E1505C}"
	ProjectSection(SolutionItems) = preProject
		NugetProjects\Directory.Build.props = NugetProjects\Directory.Build.props
		NugetProjects\Directory.Build.targets = NugetProjects\Directory.Build.targets
	EndProjectSection
EndProject
Project("{2150E333-8FDC-42A3-9474-1A3956D46DE8}") = "CppFeatures", "CppFeatures", "{D820CF56-DF1E-4B54-A9AC-257951382277}"
	ProjectSection(SolutionItems) = preProject
		NugetProjects\CppFeatures\README.md = NugetProjects\CppFeatures\README.md
	EndProjectSection
EndProject
Project("{2150E333-8FDC-42A3-9474-1A3956D46DE8}") = "Nuget", "Nuget", "{0B4DBDBA-2F32-4D1F-9B5A-207A446C0EB4}"
EndProject
Project("{2150E333-8FDC-42A3-9474-1A3956D46DE8}") = "Test", "Test", "{77E1F986-C601-4062-B70B-9226E02E9097}"
EndProject
Project("{8BC9CEB8-8B4A-11D0-8D11-00A0C91BC942}") = "CppFeatures.Shared", "NugetProjects\CppFeatures\Nuget\CppFeatures.Shared\CppFeatures.Shared.vcxitems", "{53C4DCEF-A15F-4A8D-AA61-4D8D40A3FA97}"
EndProject
Project("{8BC9CEB8-8B4A-11D0-8D11-00A0C91BC942}") = "CppFeatures.Desktop", "NugetProjects\CppFeatures\Nuget\CppFeatures.Desktop\CppFeatures.Desktop.vcxproj", "{2C598767-1A5F-4FD3-897A-9DCF12C076FF}"
EndProject
Project("{8BC9CEB8-8B4A-11D0-8D11-00A0C91BC942}") = "CppFeatures.Cx.WRC", "NugetProjects\CppFeatures\Nuget\CppFeatures.Cx.WRC\CppFeatures.Cx.WRC.vcxproj", "{39925104-84EE-47A5-AC9F-8E64A926C1C4}"
EndProject
Project("{8BC9CEB8-8B4A-11D0-8D11-00A0C91BC942}") = "CppFeatures.WinRt.WRC", "NugetProjects\CppFeatures\Nuget\CppFeatures.WinRt.WRC\CppFeatures.WinRt.WRC.vcxproj", "{D11237F2-C4C6-4331-A226-8928D9A7A7DD}"
EndProject
Project("{9A19103F-16F7-4668-BE54-9A1E7A4F7556}") = "CppFeatures.WinRt.Projection", "NugetProjects\CppFeatures\Nuget\CppFeatures.WinRt.Projection\CppFeatures.WinRt.Projection.csproj", "{C6D624C3-7CAC-43AD-A8C7-30ADBB1B6B70}"
EndProject
Project("{FAE04EC0-301F-11D3-BF4B-00C04F79EFBC}") = "CppFeatures.Logging", "NugetProjects\CppFeatures\Nuget\CppFeatures.Logging\CppFeatures.Logging.csproj", "{EBCE9025-C950-4490-8D61-6B5C0C827EE0}"
EndProject
Project("{2150E333-8FDC-42A3-9474-1A3956D46DE8}") = "CrashHandling", "CrashHandling", "{FFF6EF77-4818-4616-928A-84D840A369D9}"
EndProject
Project("{2150E333-8FDC-42A3-9474-1A3956D46DE8}") = "Nuget", "Nuget", "{608D2A76-0AAD-4B8C-BAB6-0D409414530A}"
EndProject
Project("{2150E333-8FDC-42A3-9474-1A3956D46DE8}") = "Test", "Test", "{94A013B8-2E04-4FC1-A80D-192911E4EDCE}"
EndProject
Project("{8BC9CEB8-8B4A-11D0-8D11-00A0C91BC942}") = "CrashHandling.Shared", "NugetProjects\CrashHandling\Nuget\CrashHandling.Shared\CrashHandling.Shared.vcxitems", "{72F3A3B3-0794-42E3-BCED-52CFA32AB65E}"
EndProject
Project("{8BC9CEB8-8B4A-11D0-8D11-00A0C91BC942}") = "CrashHandling.Desktop", "NugetProjects\CrashHandling\Nuget\CrashHandling.Desktop\CrashHandling.Desktop.vcxproj", "{87667B5D-0F2B-42F2-A232-AC38644E4999}"
EndProject
Project("{8BC9CEB8-8B4A-11D0-8D11-00A0C91BC942}") = "CrashHandling.Cx.WRC", "NugetProjects\CrashHandling\Nuget\CrashHandling.Cx.WRC\CrashHandling.Cx.WRC.vcxproj", "{7462C0B3-F06F-49E5-A6D0-C9BEDA7255CA}"
EndProject
Project("{8BC9CEB8-8B4A-11D0-8D11-00A0C91BC942}") = "CrashHandling.WinRt.WRC", "NugetProjects\CrashHandling\Nuget\CrashHandling.WinRt.WRC\CrashHandling.WinRt.WRC.vcxproj", "{7C744C2E-08E2-463D-B7DC-FFE5D1D61A65}"
EndProject
Project("{9A19103F-16F7-4668-BE54-9A1E7A4F7556}") = "CrashHandling.WinRt.Projection", "NugetProjects\CrashHandling\Nuget\CrashHandling.WinRt.Projection\CrashHandling.WinRt.Projection.csproj", "{6FAB1C14-C0B3-46D2-AFB1-5B3AC9CD8507}"
EndProject
Project("{8BC9CEB8-8B4A-11D0-8D11-00A0C91BC942}") = "TestCrashHandling", "NugetProjects\CrashHandling\Test\TestCrashHandling\TestCrashHandling.vcxproj", "{CFFFE637-69F3-475C-8CDD-61125B6BE3CC}"
EndProject
Project("{2150E333-8FDC-42A3-9474-1A3956D46DE8}") = "PowerShell", "PowerShell", "{C07AED25-F071-4AA5-B251-02EB51B50FE4}"
	ProjectSection(SolutionItems) = preProject
		Scripts\PowerShell\Nuget.CppFeatures.Build.Release.ps1 = Scripts\PowerShell\Nuget.CppFeatures.Build.Release.ps1
		Scripts\PowerShell\Nuget.CrashHandling.Build.Release.ps1 = Scripts\PowerShell\Nuget.CrashHandling.Build.Release.ps1
		Scripts\PowerShell\Solution.UtilityHelpersLib.Nugets.ps1 = Scripts\PowerShell\Solution.UtilityHelpersLib.Nugets.ps1
	EndProjectSection
EndProject
Project("{2150E333-8FDC-42A3-9474-1A3956D46DE8}") = "Modules", "Modules", "{A64A39B6-232E-4107-A4D9-A863DE82481F}"
	ProjectSection(SolutionItems) = preProject
		Scripts\PowerShell\Modules\MessagingModule\MessagingModule.psm1 = Scripts\PowerShell\Modules\MessagingModule\MessagingModule.psm1
	EndProjectSection
EndProject
Project("{2150E333-8FDC-42A3-9474-1A3956D46DE8}") = "UtilityHelpersLib", "UtilityHelpersLib", "{5AEDE6CA-4DB9-4920-813C-37E0E24753B3}"
EndProject
Project("{2150E333-8FDC-42A3-9474-1A3956D46DE8}") = "3rdParty", "3rdParty", "{7A0CA0F0-0BE7-4EBD-AB3F-F62F26E5B398}"
EndProject
Project("{2150E333-8FDC-42A3-9474-1A3956D46DE8}") = "3rdParty_Packages_Includes", "3rdParty_Packages_Includes", "{27032BEF-A111-4E76-8365-B362FB70CD39}"
EndProject
Project("{2150E333-8FDC-42A3-9474-1A3956D46DE8}") = "MagicEnum", "MagicEnum", "{853963E9-3915-42D1-9F61-D25909CF0CFF}"
EndProject
Project("{2150E333-8FDC-42A3-9474-1A3956D46DE8}") = "Spdlog", "Spdlog", "{63FEF46C-0CC7-468E-9557-732EC7D823AC}"
EndProject
Project("{2150E333-8FDC-42A3-9474-1A3956D46DE8}") = "Helpers", "Helpers", "{4A5644B4-23EF-48F7-8F3E-45A0EBE5C607}"
EndProject
Project("{8BC9CEB8-8B4A-11D0-8D11-00A0C91BC942}") = "3rdParty.Includes", "3rdParty\3rdParty_Packages_Includes\3rdParty.Includes\3rdParty.Includes.vcxitems", "{63BB29A8-E9C3-4070-9E45-900FA2F2DA8A}"
EndProject
Project("{8BC9CEB8-8B4A-11D0-8D11-00A0C91BC942}") = "MagicEnum.Shared", "3rdParty\MagicEnum\MagicEnum.Shared\MagicEnum.Shared.vcxitems", "{9119A10A-D27C-4EAF-8EE9-1A3097D8C6F6}"
EndProject
Project("{8BC9CEB8-8B4A-11D0-8D11-00A0C91BC942}") = "Spdlog.Shared", "3rdParty\Spdlog\Spdlog.Shared\Spdlog.Shared.vcxitems", "{34A69FFA-7FAE-4DE7-BAC0-30B5730831E9}"
EndProject
Project("{8BC9CEB8-8B4A-11D0-8D11-00A0C91BC942}") = "Spdlog.Static", "3rdParty\Spdlog\Spdlog.Static\Spdlog.Static.vcxproj", "{4AB35171-9952-4A89-9589-8A63E8BE47E9}"
EndProject
Project("{8BC9CEB8-8B4A-11D0-8D11-00A0C91BC942}") = "Helpers.Shared", "Helpers\Helpers.Shared\Helpers.Shared.vcxitems", "{A3451486-AB38-4360-B752-94680B491792}"
EndProject
Project("{8BC9CEB8-8B4A-11D0-8D11-00A0C91BC942}") = "Helpers.Includes", "Helpers\Helpers.Includes\Helpers.Includes.vcxitems", "{301BF8C8-F7CA-429F-8B12-DED615A64508}"
EndProject
Project("{8BC9CEB8-8B4A-11D0-8D11-00A0C91BC942}") = "ComAPI.Shared", "Helpers\ComAPI.Shared\ComAPI.Shared.vcxitems", "{9AE2E2F4-5B16-4D19-9D1F-799A9E18CA69}"
EndProject
Project("{8BC9CEB8-8B4A-11D0-8D11-00A0C91BC942}") = "ComAPI", "Helpers\ComAPI\ComAPI.vcxproj", "{D2F14F8E-303B-4AE6-A98B-B789CD19981D}"
EndProject
Project("{8BC9CEB8-8B4A-11D0-8D11-00A0C91BC942}") = "Helpers.Raw", "Helpers\Helpers.Raw\Helpers.Raw.vcxproj", "{298AB331-24AA-4F41-916E-2206023F8085}"
EndProject
Project("{2150E333-8FDC-42A3-9474-1A3956D46DE8}") = "XamlRuntime", "XamlRuntime", "{B7889CA8-C1C7-423C-86D2-DB5DA94637A3}"
EndProject
Project("{2150E333-8FDC-42A3-9474-1A3956D46DE8}") = "Nuget", "Nuget", "{E49EBE06-18DC-4FE6-9CDD-FEBB08608AE9}"
EndProject
Project("{2150E333-8FDC-42A3-9474-1A3956D46DE8}") = "Test", "Test", "{A8C37B50-4716-4E04-9554-92A8AD1D1DD2}"
EndProject
Project("{8BC9CEB8-8B4A-11D0-8D11-00A0C91BC942}") = "XamlRuntime", "NugetProjects\XamlRuntime\Nuget\XamlRuntime\XamlRuntime.vcxproj", "{D5B97C3C-3A64-4A72-A71C-1186767DB3B1}"
EndProject
Project("{8BC9CEB8-8B4A-11D0-8D11-00A0C91BC942}") = "OpenGLESRenderer", "NugetProjects\XamlRuntime\Nuget\OpenGLESRenderer\OpenGLESRenderer.vcxproj", "{A91C166B-24A1-4E60-8EF7-E2D89673515C}"
EndProject
Project("{8BC9CEB8-8B4A-11D0-8D11-00A0C91BC942}") = "XamlCompiler", "NugetProjects\XamlRuntime\Nuget\XamlCompiler\XamlCompiler.vcxproj", "{5A6E06B9-0AFB-4401-957B-6D6A02F123DD}"
EndProject
Project("{2150E333-8FDC-42A3-9474-1A3956D46DE8}") = "Tools", "Tools", "{9EB79BCF-ED13-45EA-BEA9-F76877ECF2B7}"
EndProject
Project("{FAE04EC0-301F-11D3-BF4B-00C04F79EFBC}") = "XamlPreviewer", "Tools\XamlPreviewer\XamlPreviewer.csproj", "{3406152C-A0EF-4865-A700-1CF83B5817A8}"
	ProjectSection(ProjectDependencies) = postProject
		{4F503B7D-45FB-4120-A069-6638899C08A8} = {4F503B7D-45FB-4120-A069-6638899C08A8}
	EndProjectSection
EndProject
Project("{8BC9CEB8-8B4A-11D0-8D11-00A0C91BC942}") = "XamlRuntime.NativeBridge", "Tools\XamlPreviewer\NativeBridge\XamlRuntime.NativeBridge.vcxproj", "{4F503B7D-45FB-4120-A069-6638899C08A8}"
EndProject
Project("{2150E333-8FDC-42A3-9474-1A3956D46DE8}") = "HelpersCs", "HelpersCs", "{F1B4D38D-BA09-4048-A514-C94292450E70}"
EndProject
Project("{D954291E-2A0B-460D-934E-DC6B0785DB48}") = "HelpersCs", "HelpersCs\HelpersCs\HelpersCs.shproj", "{0EEEEB5D-BB3B-4E9F-B2A7-410CA571AC97}"
EndProject
Project("{D954291E-2A0B-460D-934E-DC6B0785DB48}") = "HelpersCs.Attributes", "HelpersCs\HelpersCs.Attributes\HelpersCs.Attributes.shproj", "{CD563DC0-5C5F-423C-B1CE-74B120659770}"
EndProject
Project("{D954291E-2A0B-460D-934E-DC6B0785DB48}") = "HelpersCs.Diagnostic", "HelpersCs\HelpersCs.Diagnostic\HelpersCs.Diagnostic.shproj", "{5DC1B831-8A22-4C59-9D3F-B081E2F6AF36}"
EndProject
Project("{D954291E-2A0B-460D-934E-DC6B0785DB48}") = "HelpersCs.Visual", "HelpersCs\HelpersCs.Visual\HelpersCs.Visual.shproj", "{86AC5B14-7FBA-4D5B-B711-90E3F7798E0C}"
EndProject
Project("{2150E333-8FDC-42A3-9474-1A3956D46DE8}") = "Angle", "Angle", "{A7745604-D5C4-DD4F-56E0-281152A17ABB}"
EndProject
Project("{2150E333-8FDC-42A3-9474-1A3956D46DE8}") = "Nuget", "Nuget", "{28B52AB8-B982-B7FC-988C-25B48BA3F5C1}"
EndProject
Project("{FAE04EC0-301F-11D3-BF4B-00C04F79EFBC}") = "Angle.Windows.x64", "NugetProjects\Angle\Nuget\Angle.Windows.x64\Angle.Windows.x64.csproj", "{47766066-175C-4446-B06B-9FFD9563912F}"
EndProject
Global
	GlobalSection(SolutionConfigurationPlatforms) = preSolution
		Debug|Win32 = Debug|Win32
		Debug|x64 = Debug|x64
		Debug|Any CPU = Debug|Any CPU
		Debug|x86 = Debug|x86
		Release|Win32 = Release|Win32
		Release|x64 = Release|x64
		Release|Any CPU = Release|Any CPU
		Release|x86 = Release|x86
	EndGlobalSection
	GlobalSection(ProjectConfigurationPlatforms) = postSolution
		{2C598767-1A5F-4FD3-897A-9DCF12C076FF}.Debug|Win32.ActiveCfg = Debug|Win32
		{2C598767-1A5F-4FD3-897A-9DCF12C076FF}.Debug|Win32.Build.0 = Debug|Win32
		{2C598767-1A5F-4FD3-897A-9DCF12C076FF}.Debug|x64.ActiveCfg = Debug|x64
		{2C598767-1A5F-4FD3-897A-9DCF12C076FF}.Debug|x64.Build.0 = Debug|x64
		{2C598767-1A5F-4FD3-897A-9DCF12C076FF}.Debug|Any CPU.ActiveCfg = Debug|x64
		{2C598767-1A5F-4FD3-897A-9DCF12C076FF}.Debug|Any CPU.Build.0 = Debug|x64
		{2C598767-1A5F-4FD3-897A-9DCF12C076FF}.Debug|x86.ActiveCfg = Debug|Win32
		{2C598767-1A5F-4FD3-897A-9DCF12C076FF}.Debug|x86.Build.0 = Debug|Win32
		{2C598767-1A5F-4FD3-897A-9DCF12C076FF}.Release|Win32.ActiveCfg = Release|Win32
		{2C598767-1A5F-4FD3-897A-9DCF12C076FF}.Release|Win32.Build.0 = Release|Win32
		{2C598767-1A5F-4FD3-897A-9DCF12C076FF}.Release|x64.ActiveCfg = Release|x64
		{2C598767-1A5F-4FD3-897A-9DCF12C076FF}.Release|x64.Build.0 = Release|x64
		{2C598767-1A5F-4FD3-897A-9DCF12C076FF}.Release|Any CPU.ActiveCfg = Release|x64
		{2C598767-1A5F-4FD3-897A-9DCF12C076FF}.Release|Any CPU.Build.0 = Release|x64
		{2C598767-1A5F-4FD3-897A-9DCF12C076FF}.Release|x86.ActiveCfg = Release|Win32
		{2C598767-1A5F-4FD3-897A-9DCF12C076FF}.Release|x86.Build.0 = Release|Win32
		{39925104-84EE-47A5-AC9F-8E64A926C1C4}.Debug|Win32.ActiveCfg = Debug|Win32
		{39925104-84EE-47A5-AC9F-8E64A926C1C4}.Debug|Win32.Build.0 = Debug|Win32
		{39925104-84EE-47A5-AC9F-8E64A926C1C4}.Debug|x64.ActiveCfg = Debug|x64
		{39925104-84EE-47A5-AC9F-8E64A926C1C4}.Debug|x64.Build.0 = Debug|x64
		{39925104-84EE-47A5-AC9F-8E64A926C1C4}.Debug|Any CPU.ActiveCfg = Debug|x64
		{39925104-84EE-47A5-AC9F-8E64A926C1C4}.Debug|Any CPU.Build.0 = Debug|x64
		{39925104-84EE-47A5-AC9F-8E64A926C1C4}.Debug|x86.ActiveCfg = Debug|Win32
		{39925104-84EE-47A5-AC9F-8E64A926C1C4}.Debug|x86.Build.0 = Debug|Win32
		{39925104-84EE-47A5-AC9F-8E64A926C1C4}.Release|Win32.ActiveCfg = Release|Win32
		{39925104-84EE-47A5-AC9F-8E64A926C1C4}.Release|Win32.Build.0 = Release|Win32
		{39925104-84EE-47A5-AC9F-8E64A926C1C4}.Release|x64.ActiveCfg = Release|x64
		{39925104-84EE-47A5-AC9F-8E64A926C1C4}.Release|x64.Build.0 = Release|x64
		{39925104-84EE-47A5-AC9F-8E64A926C1C4}.Release|Any CPU.ActiveCfg = Release|x64
		{39925104-84EE-47A5-AC9F-8E64A926C1C4}.Release|Any CPU.Build.0 = Release|x64
		{39925104-84EE-47A5-AC9F-8E64A926C1C4}.Release|x86.ActiveCfg = Release|Win32
		{39925104-84EE-47A5-AC9F-8E64A926C1C4}.Release|x86.Build.0 = Release|Win32
		{D11237F2-C4C6-4331-A226-8928D9A7A7DD}.Debug|Win32.ActiveCfg = Debug|Win32
		{D11237F2-C4C6-4331-A226-8928D9A7A7DD}.Debug|Win32.Build.0 = Debug|Win32
		{D11237F2-C4C6-4331-A226-8928D9A7A7DD}.Debug|x64.ActiveCfg = Debug|x64
		{D11237F2-C4C6-4331-A226-8928D9A7A7DD}.Debug|x64.Build.0 = Debug|x64
		{D11237F2-C4C6-4331-A226-8928D9A7A7DD}.Debug|Any CPU.ActiveCfg = Debug|x64
		{D11237F2-C4C6-4331-A226-8928D9A7A7DD}.Debug|Any CPU.Build.0 = Debug|x64
		{D11237F2-C4C6-4331-A226-8928D9A7A7DD}.Debug|x86.ActiveCfg = Debug|Win32
		{D11237F2-C4C6-4331-A226-8928D9A7A7DD}.Debug|x86.Build.0 = Debug|Win32
		{D11237F2-C4C6-4331-A226-8928D9A7A7DD}.Release|Win32.ActiveCfg = Release|Win32
		{D11237F2-C4C6-4331-A226-8928D9A7A7DD}.Release|Win32.Build.0 = Release|Win32
		{D11237F2-C4C6-4331-A226-8928D9A7A7DD}.Release|x64.ActiveCfg = Release|x64
		{D11237F2-C4C6-4331-A226-8928D9A7A7DD}.Release|x64.Build.0 = Release|x64
		{D11237F2-C4C6-4331-A226-8928D9A7A7DD}.Release|Any CPU.ActiveCfg = Release|x64
		{D11237F2-C4C6-4331-A226-8928D9A7A7DD}.Release|Any CPU.Build.0 = Release|x64
		{D11237F2-C4C6-4331-A226-8928D9A7A7DD}.Release|x86.ActiveCfg = Release|Win32
		{D11237F2-C4C6-4331-A226-8928D9A7A7DD}.Release|x86.Build.0 = Release|Win32
		{C6D624C3-7CAC-43AD-A8C7-30ADBB1B6B70}.Debug|Win32.ActiveCfg = Debug|Any CPU
		{C6D624C3-7CAC-43AD-A8C7-30ADBB1B6B70}.Debug|Win32.Build.0 = Debug|Any CPU
		{C6D624C3-7CAC-43AD-A8C7-30ADBB1B6B70}.Debug|x64.ActiveCfg = Debug|Any CPU
		{C6D624C3-7CAC-43AD-A8C7-30ADBB1B6B70}.Debug|x64.Build.0 = Debug|Any CPU
		{C6D624C3-7CAC-43AD-A8C7-30ADBB1B6B70}.Debug|Any CPU.ActiveCfg = Debug|Any CPU
		{C6D624C3-7CAC-43AD-A8C7-30ADBB1B6B70}.Debug|Any CPU.Build.0 = Debug|Any CPU
		{C6D624C3-7CAC-43AD-A8C7-30ADBB1B6B70}.Debug|x86.ActiveCfg = Debug|Any CPU
		{C6D624C3-7CAC-43AD-A8C7-30ADBB1B6B70}.Debug|x86.Build.0 = Debug|Any CPU
		{C6D624C3-7CAC-43AD-A8C7-30ADBB1B6B70}.Release|Win32.ActiveCfg = Release|Any CPU
		{C6D624C3-7CAC-43AD-A8C7-30ADBB1B6B70}.Release|Win32.Build.0 = Release|Any CPU
		{C6D624C3-7CAC-43AD-A8C7-30ADBB1B6B70}.Release|x64.ActiveCfg = Release|Any CPU
		{C6D624C3-7CAC-43AD-A8C7-30ADBB1B6B70}.Release|x64.Build.0 = Release|Any CPU
		{C6D624C3-7CAC-43AD-A8C7-30ADBB1B6B70}.Release|Any CPU.ActiveCfg = Release|Any CPU
		{C6D624C3-7CAC-43AD-A8C7-30ADBB1B6B70}.Release|Any CPU.Build.0 = Release|Any CPU
		{C6D624C3-7CAC-43AD-A8C7-30ADBB1B6B70}.Release|x86.ActiveCfg = Release|Any CPU
		{C6D624C3-7CAC-43AD-A8C7-30ADBB1B6B70}.Release|x86.Build.0 = Release|Any CPU
		{EBCE9025-C950-4490-8D61-6B5C0C827EE0}.Debug|Win32.ActiveCfg = Debug|Any CPU
		{EBCE9025-C950-4490-8D61-6B5C0C827EE0}.Debug|Win32.Build.0 = Debug|Any CPU
		{EBCE9025-C950-4490-8D61-6B5C0C827EE0}.Debug|x64.ActiveCfg = Debug|Any CPU
		{EBCE9025-C950-4490-8D61-6B5C0C827EE0}.Debug|x64.Build.0 = Debug|Any CPU
		{EBCE9025-C950-4490-8D61-6B5C0C827EE0}.Debug|Any CPU.ActiveCfg = Debug|Any CPU
		{EBCE9025-C950-4490-8D61-6B5C0C827EE0}.Debug|Any CPU.Build.0 = Debug|Any CPU
		{EBCE9025-C950-4490-8D61-6B5C0C827EE0}.Debug|x86.ActiveCfg = Debug|Any CPU
		{EBCE9025-C950-4490-8D61-6B5C0C827EE0}.Debug|x86.Build.0 = Debug|Any CPU
		{EBCE9025-C950-4490-8D61-6B5C0C827EE0}.Release|Win32.ActiveCfg = Release|Any CPU
		{EBCE9025-C950-4490-8D61-6B5C0C827EE0}.Release|Win32.Build.0 = Release|Any CPU
		{EBCE9025-C950-4490-8D61-6B5C0C827EE0}.Release|x64.ActiveCfg = Release|Any CPU
		{EBCE9025-C950-4490-8D61-6B5C0C827EE0}.Release|x64.Build.0 = Release|Any CPU
		{EBCE9025-C950-4490-8D61-6B5C0C827EE0}.Release|Any CPU.ActiveCfg = Release|Any CPU
		{EBCE9025-C950-4490-8D61-6B5C0C827EE0}.Release|Any CPU.Build.0 = Release|Any CPU
		{EBCE9025-C950-4490-8D61-6B5C0C827EE0}.Release|x86.ActiveCfg = Release|Any CPU
		{EBCE9025-C950-4490-8D61-6B5C0C827EE0}.Release|x86.Build.0 = Release|Any CPU
		{87667B5D-0F2B-42F2-A232-AC38644E4999}.Debug|Win32.ActiveCfg = Debug|Win32
		{87667B5D-0F2B-42F2-A232-AC38644E4999}.Debug|Win32.Build.0 = Debug|Win32
		{87667B5D-0F2B-42F2-A232-AC38644E4999}.Debug|x64.ActiveCfg = Debug|x64
		{87667B5D-0F2B-42F2-A232-AC38644E4999}.Debug|x64.Build.0 = Debug|x64
		{87667B5D-0F2B-42F2-A232-AC38644E4999}.Debug|Any CPU.ActiveCfg = Debug|x64
		{87667B5D-0F2B-42F2-A232-AC38644E4999}.Debug|Any CPU.Build.0 = Debug|x64
		{87667B5D-0F2B-42F2-A232-AC38644E4999}.Debug|x86.ActiveCfg = Debug|Win32
		{87667B5D-0F2B-42F2-A232-AC38644E4999}.Debug|x86.Build.0 = Debug|Win32
		{87667B5D-0F2B-42F2-A232-AC38644E4999}.Release|Win32.ActiveCfg = Release|Win32
		{87667B5D-0F2B-42F2-A232-AC38644E4999}.Release|Win32.Build.0 = Release|Win32
		{87667B5D-0F2B-42F2-A232-AC38644E4999}.Release|x64.ActiveCfg = Release|x64
		{87667B5D-0F2B-42F2-A232-AC38644E4999}.Release|x64.Build.0 = Release|x64
		{87667B5D-0F2B-42F2-A232-AC38644E4999}.Release|Any CPU.ActiveCfg = Release|x64
		{87667B5D-0F2B-42F2-A232-AC38644E4999}.Release|Any CPU.Build.0 = Release|x64
		{87667B5D-0F2B-42F2-A232-AC38644E4999}.Release|x86.ActiveCfg = Release|Win32
		{87667B5D-0F2B-42F2-A232-AC38644E4999}.Release|x86.Build.0 = Release|Win32
		{7462C0B3-F06F-49E5-A6D0-C9BEDA7255CA}.Debug|Win32.ActiveCfg = Debug|Win32
		{7462C0B3-F06F-49E5-A6D0-C9BEDA7255CA}.Debug|Win32.Build.0 = Debug|Win32
		{7462C0B3-F06F-49E5-A6D0-C9BEDA7255CA}.Debug|x64.ActiveCfg = Debug|x64
		{7462C0B3-F06F-49E5-A6D0-C9BEDA7255CA}.Debug|x64.Build.0 = Debug|x64
		{7462C0B3-F06F-49E5-A6D0-C9BEDA7255CA}.Debug|Any CPU.ActiveCfg = Debug|x64
		{7462C0B3-F06F-49E5-A6D0-C9BEDA7255CA}.Debug|Any CPU.Build.0 = Debug|x64
		{7462C0B3-F06F-49E5-A6D0-C9BEDA7255CA}.Debug|x86.ActiveCfg = Debug|Win32
		{7462C0B3-F06F-49E5-A6D0-C9BEDA7255CA}.Debug|x86.Build.0 = Debug|Win32
		{7462C0B3-F06F-49E5-A6D0-C9BEDA7255CA}.Release|Win32.ActiveCfg = Release|Win32
		{7462C0B3-F06F-49E5-A6D0-C9BEDA7255CA}.Release|Win32.Build.0 = Release|Win32
		{7462C0B3-F06F-49E5-A6D0-C9BEDA7255CA}.Release|x64.ActiveCfg = Release|x64
		{7462C0B3-F06F-49E5-A6D0-C9BEDA7255CA}.Release|x64.Build.0 = Release|x64
		{7462C0B3-F06F-49E5-A6D0-C9BEDA7255CA}.Release|Any CPU.ActiveCfg = Release|x64
		{7462C0B3-F06F-49E5-A6D0-C9BEDA7255CA}.Release|Any CPU.Build.0 = Release|x64
		{7462C0B3-F06F-49E5-A6D0-C9BEDA7255CA}.Release|x86.ActiveCfg = Release|Win32
		{7462C0B3-F06F-49E5-A6D0-C9BEDA7255CA}.Release|x86.Build.0 = Release|Win32
		{7C744C2E-08E2-463D-B7DC-FFE5D1D61A65}.Debug|Win32.ActiveCfg = Debug|Win32
		{7C744C2E-08E2-463D-B7DC-FFE5D1D61A65}.Debug|Win32.Build.0 = Debug|Win32
		{7C744C2E-08E2-463D-B7DC-FFE5D1D61A65}.Debug|x64.ActiveCfg = Debug|x64
		{7C744C2E-08E2-463D-B7DC-FFE5D1D61A65}.Debug|x64.Build.0 = Debug|x64
		{7C744C2E-08E2-463D-B7DC-FFE5D1D61A65}.Debug|Any CPU.ActiveCfg = Debug|x64
		{7C744C2E-08E2-463D-B7DC-FFE5D1D61A65}.Debug|Any CPU.Build.0 = Debug|x64
		{7C744C2E-08E2-463D-B7DC-FFE5D1D61A65}.Debug|x86.ActiveCfg = Debug|Win32
		{7C744C2E-08E2-463D-B7DC-FFE5D1D61A65}.Debug|x86.Build.0 = Debug|Win32
		{7C744C2E-08E2-463D-B7DC-FFE5D1D61A65}.Release|Win32.ActiveCfg = Release|Win32
		{7C744C2E-08E2-463D-B7DC-FFE5D1D61A65}.Release|Win32.Build.0 = Release|Win32
		{7C744C2E-08E2-463D-B7DC-FFE5D1D61A65}.Release|x64.ActiveCfg = Release|x64
		{7C744C2E-08E2-463D-B7DC-FFE5D1D61A65}.Release|x64.Build.0 = Release|x64
		{7C744C2E-08E2-463D-B7DC-FFE5D1D61A65}.Release|Any CPU.ActiveCfg = Release|x64
		{7C744C2E-08E2-463D-B7DC-FFE5D1D61A65}.Release|Any CPU.Build.0 = Release|x64
		{7C744C2E-08E2-463D-B7DC-FFE5D1D61A65}.Release|x86.ActiveCfg = Release|Win32
		{7C744C2E-08E2-463D-B7DC-FFE5D1D61A65}.Release|x86.Build.0 = Release|Win32
		{6FAB1C14-C0B3-46D2-AFB1-5B3AC9CD8507}.Debug|Win32.ActiveCfg = Debug|Any CPU
		{6FAB1C14-C0B3-46D2-AFB1-5B3AC9CD8507}.Debug|Win32.Build.0 = Debug|Any CPU
		{6FAB1C14-C0B3-46D2-AFB1-5B3AC9CD8507}.Debug|x64.ActiveCfg = Debug|Any CPU
		{6FAB1C14-C0B3-46D2-AFB1-5B3AC9CD8507}.Debug|x64.Build.0 = Debug|Any CPU
		{6FAB1C14-C0B3-46D2-AFB1-5B3AC9CD8507}.Debug|Any CPU.ActiveCfg = Debug|Any CPU
		{6FAB1C14-C0B3-46D2-AFB1-5B3AC9CD8507}.Debug|Any CPU.Build.0 = Debug|Any CPU
		{6FAB1C14-C0B3-46D2-AFB1-5B3AC9CD8507}.Debug|x86.ActiveCfg = Debug|Any CPU
		{6FAB1C14-C0B3-46D2-AFB1-5B3AC9CD8507}.Debug|x86.Build.0 = Debug|Any CPU
		{6FAB1C14-C0B3-46D2-AFB1-5B3AC9CD8507}.Release|Win32.ActiveCfg = Release|Any CPU
		{6FAB1C14-C0B3-46D2-AFB1-5B3AC9CD8507}.Release|Win32.Build.0 = Release|Any CPU
		{6FAB1C14-C0B3-46D2-AFB1-5B3AC9CD8507}.Release|x64.ActiveCfg = Release|Any CPU
		{6FAB1C14-C0B3-46D2-AFB1-5B3AC9CD8507}.Release|x64.Build.0 = Release|Any CPU
		{6FAB1C14-C0B3-46D2-AFB1-5B3AC9CD8507}.Release|Any CPU.ActiveCfg = Release|Any CPU
		{6FAB1C14-C0B3-46D2-AFB1-5B3AC9CD8507}.Release|Any CPU.Build.0 = Release|Any CPU
		{6FAB1C14-C0B3-46D2-AFB1-5B3AC9CD8507}.Release|x86.ActiveCfg = Release|Any CPU
		{6FAB1C14-C0B3-46D2-AFB1-5B3AC9CD8507}.Release|x86.Build.0 = Release|Any CPU
		{CFFFE637-69F3-475C-8CDD-61125B6BE3CC}.Debug|Win32.ActiveCfg = Debug|Win32
		{CFFFE637-69F3-475C-8CDD-61125B6BE3CC}.Debug|Win32.Build.0 = Debug|Win32
		{CFFFE637-69F3-475C-8CDD-61125B6BE3CC}.Debug|x64.ActiveCfg = Debug|x64
		{CFFFE637-69F3-475C-8CDD-61125B6BE3CC}.Debug|x64.Build.0 = Debug|x64
		{CFFFE637-69F3-475C-8CDD-61125B6BE3CC}.Debug|Any CPU.ActiveCfg = Debug|x64
		{CFFFE637-69F3-475C-8CDD-61125B6BE3CC}.Debug|Any CPU.Build.0 = Debug|x64
		{CFFFE637-69F3-475C-8CDD-61125B6BE3CC}.Debug|x86.ActiveCfg = Debug|Win32
		{CFFFE637-69F3-475C-8CDD-61125B6BE3CC}.Debug|x86.Build.0 = Debug|Win32
		{CFFFE637-69F3-475C-8CDD-61125B6BE3CC}.Release|Win32.ActiveCfg = Release|Win32
		{CFFFE637-69F3-475C-8CDD-61125B6BE3CC}.Release|Win32.Build.0 = Release|Win32
		{CFFFE637-69F3-475C-8CDD-61125B6BE3CC}.Release|x64.ActiveCfg = Release|x64
		{CFFFE637-69F3-475C-8CDD-61125B6BE3CC}.Release|x64.Build.0 = Release|x64
		{CFFFE637-69F3-475C-8CDD-61125B6BE3CC}.Release|Any CPU.ActiveCfg = Release|x64
		{CFFFE637-69F3-475C-8CDD-61125B6BE3CC}.Release|Any CPU.Build.0 = Release|x64
		{CFFFE637-69F3-475C-8CDD-61125B6BE3CC}.Release|x86.ActiveCfg = Release|Win32
		{CFFFE637-69F3-475C-8CDD-61125B6BE3CC}.Release|x86.Build.0 = Release|Win32
		{4AB35171-9952-4A89-9589-8A63E8BE47E9}.Debug|Win32.ActiveCfg = Debug|Win32
		{4AB35171-9952-4A89-9589-8A63E8BE47E9}.Debug|Win32.Build.0 = Debug|Win32
		{4AB35171-9952-4A89-9589-8A63E8BE47E9}.Debug|x64.ActiveCfg = Debug|x64
		{4AB35171-9952-4A89-9589-8A63E8BE47E9}.Debug|x64.Build.0 = Debug|x64
		{4AB35171-9952-4A89-9589-8A63E8BE47E9}.Debug|Any CPU.ActiveCfg = Debug|x64
		{4AB35171-9952-4A89-9589-8A63E8BE47E9}.Debug|Any CPU.Build.0 = Debug|x64
		{4AB35171-9952-4A89-9589-8A63E8BE47E9}.Debug|x86.ActiveCfg = Debug|Win32
		{4AB35171-9952-4A89-9589-8A63E8BE47E9}.Debug|x86.Build.0 = Debug|Win32
		{4AB35171-9952-4A89-9589-8A63E8BE47E9}.Release|Win32.ActiveCfg = Release|Win32
		{4AB35171-9952-4A89-9589-8A63E8BE47E9}.Release|Win32.Build.0 = Release|Win32
		{4AB35171-9952-4A89-9589-8A63E8BE47E9}.Release|x64.ActiveCfg = Release|x64
		{4AB35171-9952-4A89-9589-8A63E8BE47E9}.Release|x64.Build.0 = Release|x64
		{4AB35171-9952-4A89-9589-8A63E8BE47E9}.Release|Any CPU.ActiveCfg = Release|x64
		{4AB35171-9952-4A89-9589-8A63E8BE47E9}.Release|Any CPU.Build.0 = Release|x64
		{4AB35171-9952-4A89-9589-8A63E8BE47E9}.Release|x86.ActiveCfg = Release|Win32
		{4AB35171-9952-4A89-9589-8A63E8BE47E9}.Release|x86.Build.0 = Release|Win32
		{D2F14F8E-303B-4AE6-A98B-B789CD19981D}.Debug|Win32.ActiveCfg = Debug|Win32
		{D2F14F8E-303B-4AE6-A98B-B789CD19981D}.Debug|Win32.Build.0 = Debug|Win32
		{D2F14F8E-303B-4AE6-A98B-B789CD19981D}.Debug|x64.ActiveCfg = Debug|x64
		{D2F14F8E-303B-4AE6-A98B-B789CD19981D}.Debug|x64.Build.0 = Debug|x64
		{D2F14F8E-303B-4AE6-A98B-B789CD19981D}.Debug|Any CPU.ActiveCfg = Debug|x64
		{D2F14F8E-303B-4AE6-A98B-B789CD19981D}.Debug|Any CPU.Build.0 = Debug|x64
		{D2F14F8E-303B-4AE6-A98B-B789CD19981D}.Debug|x86.ActiveCfg = Debug|Win32
		{D2F14F8E-303B-4AE6-A98B-B789CD19981D}.Debug|x86.Build.0 = Debug|Win32
		{D2F14F8E-303B-4AE6-A98B-B789CD19981D}.Release|Win32.ActiveCfg = Release|Win32
		{D2F14F8E-303B-4AE6-A98B-B789CD19981D}.Release|Win32.Build.0 = Release|Win32
		{D2F14F8E-303B-4AE6-A98B-B789CD19981D}.Release|x64.ActiveCfg = Release|x64
		{D2F14F8E-303B-4AE6-A98B-B789CD19981D}.Release|x64.Build.0 = Release|x64
		{D2F14F8E-303B-4AE6-A98B-B789CD19981D}.Release|Any CPU.ActiveCfg = Release|x64
		{D2F14F8E-303B-4AE6-A98B-B789CD19981D}.Release|Any CPU.Build.0 = Release|x64
		{D2F14F8E-303B-4AE6-A98B-B789CD19981D}.Release|x86.ActiveCfg = Release|Win32
		{D2F14F8E-303B-4AE6-A98B-B789CD19981D}.Release|x86.Build.0 = Release|Win32
		{298AB331-24AA-4F41-916E-2206023F8085}.Debug|Win32.ActiveCfg = Debug|Win32
		{298AB331-24AA-4F41-916E-2206023F8085}.Debug|Win32.Build.0 = Debug|Win32
		{298AB331-24AA-4F41-916E-2206023F8085}.Debug|x64.ActiveCfg = Debug|x64
		{298AB331-24AA-4F41-916E-2206023F8085}.Debug|x64.Build.0 = Debug|x64
		{298AB331-24AA-4F41-916E-2206023F8085}.Debug|Any CPU.ActiveCfg = Debug|x64
		{298AB331-24AA-4F41-916E-2206023F8085}.Debug|Any CPU.Build.0 = Debug|x64
		{298AB331-24AA-4F41-916E-2206023F8085}.Debug|x86.ActiveCfg = Debug|Win32
		{298AB331-24AA-4F41-916E-2206023F8085}.Debug|x86.Build.0 = Debug|Win32
		{298AB331-24AA-4F41-916E-2206023F8085}.Release|Win32.ActiveCfg = Release|Win32
		{298AB331-24AA-4F41-916E-2206023F8085}.Release|Win32.Build.0 = Release|Win32
		{298AB331-24AA-4F41-916E-2206023F8085}.Release|x64.ActiveCfg = Release|x64
		{298AB331-24AA-4F41-916E-2206023F8085}.Release|x64.Build.0 = Release|x64
		{298AB331-24AA-4F41-916E-2206023F8085}.Release|Any CPU.ActiveCfg = Release|x64
		{298AB331-24AA-4F41-916E-2206023F8085}.Release|Any CPU.Build.0 = Release|x64
		{298AB331-24AA-4F41-916E-2206023F8085}.Release|x86.ActiveCfg = Release|Win32
		{298AB331-24AA-4F41-916E-2206023F8085}.Release|x86.Build.0 = Release|Win32
		{D5B97C3C-3A64-4A72-A71C-1186767DB3B1}.Debug|Win32.ActiveCfg = Debug|x64
		{D5B97C3C-3A64-4A72-A71C-1186767DB3B1}.Debug|Win32.Build.0 = Debug|x64
		{D5B97C3C-3A64-4A72-A71C-1186767DB3B1}.Debug|x64.ActiveCfg = Debug|x64
		{D5B97C3C-3A64-4A72-A71C-1186767DB3B1}.Debug|x64.Build.0 = Debug|x64
		{D5B97C3C-3A64-4A72-A71C-1186767DB3B1}.Debug|Any CPU.ActiveCfg = Debug|x64
		{D5B97C3C-3A64-4A72-A71C-1186767DB3B1}.Debug|Any CPU.Build.0 = Debug|x64
		{D5B97C3C-3A64-4A72-A71C-1186767DB3B1}.Debug|x86.ActiveCfg = Debug|Win32
		{D5B97C3C-3A64-4A72-A71C-1186767DB3B1}.Debug|x86.Build.0 = Debug|Win32
		{D5B97C3C-3A64-4A72-A71C-1186767DB3B1}.Release|Win32.ActiveCfg = Release|x64
		{D5B97C3C-3A64-4A72-A71C-1186767DB3B1}.Release|Win32.Build.0 = Release|x64
		{D5B97C3C-3A64-4A72-A71C-1186767DB3B1}.Release|x64.ActiveCfg = Release|x64
		{D5B97C3C-3A64-4A72-A71C-1186767DB3B1}.Release|x64.Build.0 = Release|x64
		{D5B97C3C-3A64-4A72-A71C-1186767DB3B1}.Release|Any CPU.ActiveCfg = Release|x64
		{D5B97C3C-3A64-4A72-A71C-1186767DB3B1}.Release|Any CPU.Build.0 = Release|x64
		{D5B97C3C-3A64-4A72-A71C-1186767DB3B1}.Release|x86.ActiveCfg = Release|Win32
		{D5B97C3C-3A64-4A72-A71C-1186767DB3B1}.Release|x86.Build.0 = Release|Win32
		{A91C166B-24A1-4E60-8EF7-E2D89673515C}.Debug|Win32.ActiveCfg = Debug|x64
		{A91C166B-24A1-4E60-8EF7-E2D89673515C}.Debug|Win32.Build.0 = Debug|x64
		{A91C166B-24A1-4E60-8EF7-E2D89673515C}.Debug|x64.ActiveCfg = Debug|x64
		{A91C166B-24A1-4E60-8EF7-E2D89673515C}.Debug|x64.Build.0 = Debug|x64
		{A91C166B-24A1-4E60-8EF7-E2D89673515C}.Debug|Any CPU.ActiveCfg = Debug|x64
		{A91C166B-24A1-4E60-8EF7-E2D89673515C}.Debug|Any CPU.Build.0 = Debug|x64
		{A91C166B-24A1-4E60-8EF7-E2D89673515C}.Debug|x86.ActiveCfg = Debug|Win32
		{A91C166B-24A1-4E60-8EF7-E2D89673515C}.Debug|x86.Build.0 = Debug|Win32
		{A91C166B-24A1-4E60-8EF7-E2D89673515C}.Release|Win32.ActiveCfg = Release|x64
		{A91C166B-24A1-4E60-8EF7-E2D89673515C}.Release|Win32.Build.0 = Release|x64
		{A91C166B-24A1-4E60-8EF7-E2D89673515C}.Release|x64.ActiveCfg = Release|x64
		{A91C166B-24A1-4E60-8EF7-E2D89673515C}.Release|x64.Build.0 = Release|x64
		{A91C166B-24A1-4E60-8EF7-E2D89673515C}.Release|Any CPU.ActiveCfg = Release|x64
		{A91C166B-24A1-4E60-8EF7-E2D89673515C}.Release|Any CPU.Build.0 = Release|x64
		{A91C166B-24A1-4E60-8EF7-E2D89673515C}.Release|x86.ActiveCfg = Release|Win32
		{A91C166B-24A1-4E60-8EF7-E2D89673515C}.Release|x86.Build.0 = Release|Win32
		{5A6E06B9-0AFB-4401-957B-6D6A02F123DD}.Debug|Win32.ActiveCfg = Debug|x64
		{5A6E06B9-0AFB-4401-957B-6D6A02F123DD}.Debug|Win32.Build.0 = Debug|x64
		{5A6E06B9-0AFB-4401-957B-6D6A02F123DD}.Debug|x64.ActiveCfg = Debug|x64
		{5A6E06B9-0AFB-4401-957B-6D6A02F123DD}.Debug|x64.Build.0 = Debug|x64
		{5A6E06B9-0AFB-4401-957B-6D6A02F123DD}.Debug|Any CPU.ActiveCfg = Debug|x64
		{5A6E06B9-0AFB-4401-957B-6D6A02F123DD}.Debug|Any CPU.Build.0 = Debug|x64
		{5A6E06B9-0AFB-4401-957B-6D6A02F123DD}.Debug|x86.ActiveCfg = Debug|Win32
		{5A6E06B9-0AFB-4401-957B-6D6A02F123DD}.Debug|x86.Build.0 = Debug|Win32
		{5A6E06B9-0AFB-4401-957B-6D6A02F123DD}.Release|Win32.ActiveCfg = Release|x64
		{5A6E06B9-0AFB-4401-957B-6D6A02F123DD}.Release|Win32.Build.0 = Release|x64
		{5A6E06B9-0AFB-4401-957B-6D6A02F123DD}.Release|x64.ActiveCfg = Release|x64
		{5A6E06B9-0AFB-4401-957B-6D6A02F123DD}.Release|x64.Build.0 = Release|x64
		{5A6E06B9-0AFB-4401-957B-6D6A02F123DD}.Release|Any CPU.ActiveCfg = Release|x64
		{5A6E06B9-0AFB-4401-957B-6D6A02F123DD}.Release|Any CPU.Build.0 = Release|x64
		{5A6E06B9-0AFB-4401-957B-6D6A02F123DD}.Release|x86.ActiveCfg = Release|Win32
		{5A6E06B9-0AFB-4401-957B-6D6A02F123DD}.Release|x86.Build.0 = Release|Win32
		{3406152C-A0EF-4865-A700-1CF83B5817A8}.Debug|Win32.ActiveCfg = Debug|Any CPU
		{3406152C-A0EF-4865-A700-1CF83B5817A8}.Debug|Win32.Build.0 = Debug|Any CPU
		{3406152C-A0EF-4865-A700-1CF83B5817A8}.Debug|x64.ActiveCfg = Debug|Any CPU
		{3406152C-A0EF-4865-A700-1CF83B5817A8}.Debug|x64.Build.0 = Debug|Any CPU
		{3406152C-A0EF-4865-A700-1CF83B5817A8}.Debug|Any CPU.ActiveCfg = Debug|Any CPU
		{3406152C-A0EF-4865-A700-1CF83B5817A8}.Debug|Any CPU.Build.0 = Debug|Any CPU
		{3406152C-A0EF-4865-A700-1CF83B5817A8}.Debug|x86.ActiveCfg = Debug|Any CPU
		{3406152C-A0EF-4865-A700-1CF83B5817A8}.Debug|x86.Build.0 = Debug|Any CPU
		{3406152C-A0EF-4865-A700-1CF83B5817A8}.Release|Win32.ActiveCfg = Release|Any CPU
		{3406152C-A0EF-4865-A700-1CF83B5817A8}.Release|Win32.Build.0 = Release|Any CPU
		{3406152C-A0EF-4865-A700-1CF83B5817A8}.Release|x64.ActiveCfg = Release|Any CPU
		{3406152C-A0EF-4865-A700-1CF83B5817A8}.Release|x64.Build.0 = Release|Any CPU
		{3406152C-A0EF-4865-A700-1CF83B5817A8}.Release|Any CPU.ActiveCfg = Release|Any CPU
		{3406152C-A0EF-4865-A700-1CF83B5817A8}.Release|Any CPU.Build.0 = Release|Any CPU
		{3406152C-A0EF-4865-A700-1CF83B5817A8}.Release|x86.ActiveCfg = Release|Any CPU
		{3406152C-A0EF-4865-A700-1CF83B5817A8}.Release|x86.Build.0 = Release|Any CPU
		{4F503B7D-45FB-4120-A069-6638899C08A8}.Debug|Win32.ActiveCfg = Debug|x64
		{4F503B7D-45FB-4120-A069-6638899C08A8}.Debug|Win32.Build.0 = Debug|x64
		{4F503B7D-45FB-4120-A069-6638899C08A8}.Debug|x64.ActiveCfg = Debug|x64
		{4F503B7D-45FB-4120-A069-6638899C08A8}.Debug|x64.Build.0 = Debug|x64
		{4F503B7D-45FB-4120-A069-6638899C08A8}.Debug|Any CPU.ActiveCfg = Debug|x64
		{4F503B7D-45FB-4120-A069-6638899C08A8}.Debug|Any CPU.Build.0 = Debug|x64
		{4F503B7D-45FB-4120-A069-6638899C08A8}.Debug|x86.ActiveCfg = Debug|Win32
		{4F503B7D-45FB-4120-A069-6638899C08A8}.Debug|x86.Build.0 = Debug|Win32
		{4F503B7D-45FB-4120-A069-6638899C08A8}.Release|Win32.ActiveCfg = Release|x64
		{4F503B7D-45FB-4120-A069-6638899C08A8}.Release|Win32.Build.0 = Release|x64
		{4F503B7D-45FB-4120-A069-6638899C08A8}.Release|x64.ActiveCfg = Release|x64
		{4F503B7D-45FB-4120-A069-6638899C08A8}.Release|x64.Build.0 = Release|x64
		{4F503B7D-45FB-4120-A069-6638899C08A8}.Release|Any CPU.ActiveCfg = Release|x64
		{4F503B7D-45FB-4120-A069-6638899C08A8}.Release|Any CPU.Build.0 = Release|x64
		{4F503B7D-45FB-4120-A069-6638899C08A8}.Release|x86.ActiveCfg = Release|Win32
		{4F503B7D-45FB-4120-A069-6638899C08A8}.Release|x86.Build.0 = Release|Win32
		{47766066-175C-4446-B06B-9FFD9563912F}.Debug|Win32.ActiveCfg = Debug|Any CPU
		{47766066-175C-4446-B06B-9FFD9563912F}.Debug|Win32.Build.0 = Debug|Any CPU
		{47766066-175C-4446-B06B-9FFD9563912F}.Debug|x64.ActiveCfg = Debug|Any CPU
		{47766066-175C-4446-B06B-9FFD9563912F}.Debug|x64.Build.0 = Debug|Any CPU
		{47766066-175C-4446-B06B-9FFD9563912F}.Debug|Any CPU.ActiveCfg = Debug|Any CPU
		{47766066-175C-4446-B06B-9FFD9563912F}.Debug|Any CPU.Build.0 = Debug|Any CPU
		{47766066-175C-4446-B06B-9FFD9563912F}.Debug|x86.ActiveCfg = Debug|Any CPU
		{47766066-175C-4446-B06B-9FFD9563912F}.Debug|x86.Build.0 = Debug|Any CPU
		{47766066-175C-4446-B06B-9FFD9563912F}.Release|Win32.ActiveCfg = Release|Any CPU
		{47766066-175C-4446-B06B-9FFD9563912F}.Release|Win32.Build.0 = Release|Any CPU
		{47766066-175C-4446-B06B-9FFD9563912F}.Release|x64.ActiveCfg = Release|Any CPU
		{47766066-175C-4446-B06B-9FFD9563912F}.Release|x64.Build.0 = Release|Any CPU
		{47766066-175C-4446-B06B-9FFD9563912F}.Release|Any CPU.ActiveCfg = Release|Any CPU
		{47766066-175C-4446-B06B-9FFD9563912F}.Release|Any CPU.Build.0 = Release|Any CPU
		{47766066-175C-4446-B06B-9FFD9563912F}.Release|x86.ActiveCfg = Release|Any CPU
		{47766066-175C-4446-B06B-9FFD9563912F}.Release|x86.Build.0 = Release|Any CPU
	EndGlobalSection
	GlobalSection(SolutionProperties) = preSolution
		HideSolutionNode = FALSE
	EndGlobalSection
	GlobalSection(NestedProjects) = preSolution
		{D820CF56-DF1E-4B54-A9AC-257951382277} = {5ED3376F-7EBD-4E7B-8B3F-E256D8E1505C}
		{0B4DBDBA-2F32-4D1F-9B5A-207A446C0EB4} = {D820CF56-DF1E-4B54-A9AC-257951382277}
		{77E1F986-C601-4062-B70B-9226E02E9097} = {D820CF56-DF1E-4B54-A9AC-257951382277}
		{53C4DCEF-A15F-4A8D-AA61-4D8D40A3FA97} = {0B4DBDBA-2F32-4D1F-9B5A-207A446C0EB4}
		{2C598767-1A5F-4FD3-897A-9DCF12C076FF} = {0B4DBDBA-2F32-4D1F-9B5A-207A446C0EB4}
		{39925104-84EE-47A5-AC9F-8E64A926C1C4} = {0B4DBDBA-2F32-4D1F-9B5A-207A446C0EB4}
		{D11237F2-C4C6-4331-A226-8928D9A7A7DD} = {0B4DBDBA-2F32-4D1F-9B5A-207A446C0EB4}
		{C6D624C3-7CAC-43AD-A8C7-30ADBB1B6B70} = {0B4DBDBA-2F32-4D1F-9B5A-207A446C0EB4}
		{EBCE9025-C950-4490-8D61-6B5C0C827EE0} = {0B4DBDBA-2F32-4D1F-9B5A-207A446C0EB4}
		{FFF6EF77-4818-4616-928A-84D840A369D9} = {5ED3376F-7EBD-4E7B-8B3F-E256D8E1505C}
		{608D2A76-0AAD-4B8C-BAB6-0D409414530A} = {FFF6EF77-4818-4616-928A-84D840A369D9}
		{94A013B8-2E04-4FC1-A80D-192911E4EDCE} = {FFF6EF77-4818-4616-928A-84D840A369D9}
		{72F3A3B3-0794-42E3-BCED-52CFA32AB65E} = {608D2A76-0AAD-4B8C-BAB6-0D409414530A}
		{87667B5D-0F2B-42F2-A232-AC38644E4999} = {608D2A76-0AAD-4B8C-BAB6-0D409414530A}
		{7462C0B3-F06F-49E5-A6D0-C9BEDA7255CA} = {608D2A76-0AAD-4B8C-BAB6-0D409414530A}
		{7C744C2E-08E2-463D-B7DC-FFE5D1D61A65} = {608D2A76-0AAD-4B8C-BAB6-0D409414530A}
		{6FAB1C14-C0B3-46D2-AFB1-5B3AC9CD8507} = {608D2A76-0AAD-4B8C-BAB6-0D409414530A}
		{CFFFE637-69F3-475C-8CDD-61125B6BE3CC} = {94A013B8-2E04-4FC1-A80D-192911E4EDCE}
		{C07AED25-F071-4AA5-B251-02EB51B50FE4} = {D00E7632-E134-49A1-B9D0-878E959F6514}
		{A64A39B6-232E-4107-A4D9-A863DE82481F} = {C07AED25-F071-4AA5-B251-02EB51B50FE4}
		{7A0CA0F0-0BE7-4EBD-AB3F-F62F26E5B398} = {5AEDE6CA-4DB9-4920-813C-37E0E24753B3}
		{27032BEF-A111-4E76-8365-B362FB70CD39} = {7A0CA0F0-0BE7-4EBD-AB3F-F62F26E5B398}
		{853963E9-3915-42D1-9F61-D25909CF0CFF} = {7A0CA0F0-0BE7-4EBD-AB3F-F62F26E5B398}
		{63FEF46C-0CC7-468E-9557-732EC7D823AC} = {7A0CA0F0-0BE7-4EBD-AB3F-F62F26E5B398}
		{4A5644B4-23EF-48F7-8F3E-45A0EBE5C607} = {5AEDE6CA-4DB9-4920-813C-37E0E24753B3}
		{63BB29A8-E9C3-4070-9E45-900FA2F2DA8A} = {27032BEF-A111-4E76-8365-B362FB70CD39}
		{9119A10A-D27C-4EAF-8EE9-1A3097D8C6F6} = {853963E9-3915-42D1-9F61-D25909CF0CFF}
		{34A69FFA-7FAE-4DE7-BAC0-30B5730831E9} = {63FEF46C-0CC7-468E-9557-732EC7D823AC}
		{4AB35171-9952-4A89-9589-8A63E8BE47E9} = {63FEF46C-0CC7-468E-9557-732EC7D823AC}
		{A3451486-AB38-4360-B752-94680B491792} = {4A5644B4-23EF-48F7-8F3E-45A0EBE5C607}
		{301BF8C8-F7CA-429F-8B12-DED615A64508} = {4A5644B4-23EF-48F7-8F3E-45A0EBE5C607}
		{9AE2E2F4-5B16-4D19-9D1F-799A9E18CA69} = {4A5644B4-23EF-48F7-8F3E-45A0EBE5C607}
		{D2F14F8E-303B-4AE6-A98B-B789CD19981D} = {4A5644B4-23EF-48F7-8F3E-45A0EBE5C607}
		{298AB331-24AA-4F41-916E-2206023F8085} = {4A5644B4-23EF-48F7-8F3E-45A0EBE5C607}
		{B7889CA8-C1C7-423C-86D2-DB5DA94637A3} = {5ED3376F-7EBD-4E7B-8B3F-E256D8E1505C}
		{E49EBE06-18DC-4FE6-9CDD-FEBB08608AE9} = {B7889CA8-C1C7-423C-86D2-DB5DA94637A3}
		{A8C37B50-4716-4E04-9554-92A8AD1D1DD2} = {B7889CA8-C1C7-423C-86D2-DB5DA94637A3}
		{D5B97C3C-3A64-4A72-A71C-1186767DB3B1} = {E49EBE06-18DC-4FE6-9CDD-FEBB08608AE9}
		{A91C166B-24A1-4E60-8EF7-E2D89673515C} = {E49EBE06-18DC-4FE6-9CDD-FEBB08608AE9}
		{5A6E06B9-0AFB-4401-957B-6D6A02F123DD} = {E49EBE06-18DC-4FE6-9CDD-FEBB08608AE9}
		{3406152C-A0EF-4865-A700-1CF83B5817A8} = {9EB79BCF-ED13-45EA-BEA9-F76877ECF2B7}
		{4F503B7D-45FB-4120-A069-6638899C08A8} = {9EB79BCF-ED13-45EA-BEA9-F76877ECF2B7}
		{F1B4D38D-BA09-4048-A514-C94292450E70} = {5AEDE6CA-4DB9-4920-813C-37E0E24753B3}
		{0EEEEB5D-BB3B-4E9F-B2A7-410CA571AC97} = {F1B4D38D-BA09-4048-A514-C94292450E70}
		{CD563DC0-5C5F-423C-B1CE-74B120659770} = {F1B4D38D-BA09-4048-A514-C94292450E70}
		{5DC1B831-8A22-4C59-9D3F-B081E2F6AF36} = {F1B4D38D-BA09-4048-A514-C94292450E70}
		{86AC5B14-7FBA-4D5B-B711-90E3F7798E0C} = {F1B4D38D-BA09-4048-A514-C94292450E70}
		{A7745604-D5C4-DD4F-56E0-281152A17ABB} = {5ED3376F-7EBD-4E7B-8B3F-E256D8E1505C}
		{28B52AB8-B982-B7FC-988C-25B48BA3F5C1} = {A7745604-D5C4-DD4F-56E0-281152A17ABB}
		{47766066-175C-4446-B06B-9FFD9563912F} = {28B52AB8-B982-B7FC-988C-25B48BA3F5C1}
	EndGlobalSection
	GlobalSection(ExtensibilityGlobals) = postSolution
		SolutionGuid = {71A91AB0-90CD-4ACF-8D59-60382FE9FB7C}
	EndGlobalSection
	GlobalSection(SharedMSBuildProjectFiles) = preSolution
		HelpersCs\HelpersCs\HelpersCs.projitems*{0eeeeb5d-bb3b-4e9f-b2a7-410ca571ac97}*SharedItemsImports = 13
		3rdParty\3rdParty_Packages_Includes\Boost.Includes\Boost.Includes.vcxitems*{298ab331-24aa-4f41-916e-2206023f8085}*SharedItemsImports = 4
		3rdParty\JsonParser\JsonParser.Shared\JsonParser.Shared.vcxitems*{298ab331-24aa-4f41-916e-2206023f8085}*SharedItemsImports = 4
		3rdParty\MagicEnum\MagicEnum.Shared\MagicEnum.Shared.vcxitems*{298ab331-24aa-4f41-916e-2206023f8085}*SharedItemsImports = 4
		3rdParty\Spdlog\Spdlog.Shared\Spdlog.Shared.vcxitems*{298ab331-24aa-4f41-916e-2206023f8085}*SharedItemsImports = 4
		Helpers\ComAPI.Shared\ComAPI.Shared.vcxitems*{298ab331-24aa-4f41-916e-2206023f8085}*SharedItemsImports = 4
		Helpers\Helpers.Shared\Helpers.Shared.vcxitems*{298ab331-24aa-4f41-916e-2206023f8085}*SharedItemsImports = 4
		3rdParty\MagicEnum\MagicEnum.Shared\MagicEnum.Shared.vcxitems*{2c598767-1a5f-4fd3-897a-9dcf12c076ff}*SharedItemsImports = 4
		3rdParty\Spdlog\Spdlog.Shared\Spdlog.Shared.vcxitems*{2c598767-1a5f-4fd3-897a-9dcf12c076ff}*SharedItemsImports = 4
		Helpers\ComAPI.Shared\ComAPI.Shared.vcxitems*{2c598767-1a5f-4fd3-897a-9dcf12c076ff}*SharedItemsImports = 4
		Helpers\Helpers.Shared\Helpers.Shared.vcxitems*{2c598767-1a5f-4fd3-897a-9dcf12c076ff}*SharedItemsImports = 4
		NugetProjects\CppFeatures\Nuget\CppFeatures.Shared\CppFeatures.Shared.vcxitems*{2c598767-1a5f-4fd3-897a-9dcf12c076ff}*SharedItemsImports = 4
		Helpers\Helpers.Includes\Helpers.Includes.vcxitems*{301bf8c8-f7ca-429f-8b12-ded615a64508}*SharedItemsImports = 9
		3rdParty\Spdlog\Spdlog.Shared\Spdlog.Shared.vcxitems*{34a69ffa-7fae-4de7-bac0-30b5730831e9}*SharedItemsImports = 9
		Helpers\Helpers.Includes\Helpers.Includes.vcxitems*{39925104-84ee-47a5-ac9f-8e64a926c1c4}*SharedItemsImports = 4
		3rdParty\MagicEnum\MagicEnum.Shared\MagicEnum.Shared.vcxitems*{4ab35171-9952-4a89-9589-8a63e8be47e9}*SharedItemsImports = 4
		3rdParty\Spdlog\Spdlog.Shared\Spdlog.Shared.vcxitems*{4ab35171-9952-4a89-9589-8a63e8be47e9}*SharedItemsImports = 4
		Helpers\Helpers.Includes\Helpers.Includes.vcxitems*{4ab35171-9952-4a89-9589-8a63e8be47e9}*SharedItemsImports = 4
		NugetProjects\CppFeatures\Nuget\CppFeatures.Shared\CppFeatures.Shared.vcxitems*{53c4dcef-a15f-4a8d-aa61-4d8d40a3fa97}*SharedItemsImports = 9
		HelpersCs\HelpersCs.Diagnostic\HelpersCs.Diagnostic.projitems*{5dc1b831-8a22-4c59-9d3f-b081e2f6af36}*SharedItemsImports = 13
		3rdParty\3rdParty_Packages_Includes\3rdParty.Includes\3rdParty.Includes.vcxitems*{63bb29a8-e9c3-4070-9e45-900fa2f2da8a}*SharedItemsImports = 9
		NugetProjects\CrashHandling\Nuget\CrashHandling.Shared\CrashHandling.Shared.vcxitems*{72f3a3b3-0794-42e3-bced-52cfa32ab65e}*SharedItemsImports = 9
		Helpers\Helpers.Includes\Helpers.Includes.vcxitems*{7462c0b3-f06f-49e5-a6d0-c9beda7255ca}*SharedItemsImports = 4
		HelpersCs\HelpersCs.Visual\HelpersCs.Visual.projitems*{86ac5b14-7fba-4d5b-b711-90e3f7798e0c}*SharedItemsImports = 13
		3rdParty\MagicEnum\MagicEnum.Shared\MagicEnum.Shared.vcxitems*{87667b5d-0f2b-42f2-a232-ac38644e4999}*SharedItemsImports = 4
		3rdParty\Spdlog\Spdlog.Shared\Spdlog.Shared.vcxitems*{87667b5d-0f2b-42f2-a232-ac38644e4999}*SharedItemsImports = 4
		Helpers\ComAPI.Shared\ComAPI.Shared.vcxitems*{87667b5d-0f2b-42f2-a232-ac38644e4999}*SharedItemsImports = 4
		Helpers\Helpers.Shared\Helpers.Shared.vcxitems*{87667b5d-0f2b-42f2-a232-ac38644e4999}*SharedItemsImports = 4
		NugetProjects\CrashHandling\Nuget\CrashHandling.Shared\CrashHandling.Shared.vcxitems*{87667b5d-0f2b-42f2-a232-ac38644e4999}*SharedItemsImports = 4
		3rdParty\MagicEnum\MagicEnum.Shared\MagicEnum.Shared.vcxitems*{9119a10a-d27c-4eaf-8ee9-1a3097d8c6f6}*SharedItemsImports = 9
		Helpers\ComAPI.Shared\ComAPI.Shared.vcxitems*{9ae2e2f4-5b16-4d19-9d1f-799a9e18ca69}*SharedItemsImports = 9
		Helpers\Helpers.Shared\Helpers.Shared.vcxitems*{a3451486-ab38-4360-b752-94680b491792}*SharedItemsImports = 9
		HelpersCs\HelpersCs.Attributes\HelpersCs.Attributes.projitems*{cd563dc0-5c5f-423c-b1ce-74b120659770}*SharedItemsImports = 13
		Helpers\ComAPI.Shared\ComAPI.Shared.vcxitems*{d2f14f8e-303b-4ae6-a98b-b789cd19981d}*SharedItemsImports = 4
	EndGlobalSection
EndGlobal