<?xml version="1.0" encoding="utf-8"?>
<Project ToolsVersion="4.0" xmlns="http://schemas.microsoft.com/developer/msbuild/2003">
  <ItemGroup>
    <Filter Include="MediaFoundation">
      <UniqueIdentifier>{05a802ad-a301-4c84-a13b-7664fdef8e2d}</UniqueIdentifier>
    </Filter>
    <Filter Include="FileSystem">
      <UniqueIdentifier>{f68605e2-851f-41c4-8260-3bf8c51d26ed}</UniqueIdentifier>
    </Filter>
    <Filter Include="Thread">
      <UniqueIdentifier>{937e7ea6-fcac-45b3-9685-a1962a34274a}</UniqueIdentifier>
    </Filter>
    <Filter Include="Concurrency">
      <UniqueIdentifier>{f7c052a7-9d4f-4cfb-8051-84a54f8fa954}</UniqueIdentifier>
    </Filter>
    <Filter Include="CLR">
      <UniqueIdentifier>{dd52f1ce-fdf6-41f6-b46b-7ee1c00b035d}</UniqueIdentifier>
    </Filter>
    <Filter Include="_Headers">
      <UniqueIdentifier>{94881117-0062-4ba2-b449-c3a4f5bd5d67}</UniqueIdentifier>
    </Filter>
    <Filter Include="_Sources">
      <UniqueIdentifier>{0acf4eff-0e53-40e7-a31b-9f22cd2b0efc}</UniqueIdentifier>
    </Filter>
    <Filter Include="Async">
      <UniqueIdentifier>{5fd2a503-a42e-42bb-87bf-98be8fff7a9c}</UniqueIdentifier>
    </Filter>
    <Filter Include="WinRT">
      <UniqueIdentifier>{52bcaca5-b5f7-4dcc-989d-0f63747814d1}</UniqueIdentifier>
    </Filter>
    <Filter Include="Dx">
      <UniqueIdentifier>{7b934efc-d218-41b0-958f-42602b5fa9fc}</UniqueIdentifier>
    </Filter>
    <Filter Include="Com">
      <UniqueIdentifier>{25bf8ad9-f450-42a3-96be-5db7ca952699}</UniqueIdentifier>
    </Filter>
    <Filter Include="Dx\Shaders">
      <UniqueIdentifier>{c19e122f-3d89-42be-9b74-8c6d10c4dccf}</UniqueIdentifier>
    </Filter>
  </ItemGroup>
  <ItemGroup>
    <ClCompile Include="$(MSBuildThisFileDirectory)Helpers\Gate.cpp">
      <Filter>Thread</Filter>
    </ClCompile>
    <ClCompile Include="$(MSBuildThisFileDirectory)Helpers\MultithreadMutex.cpp">
      <Filter>Thread</Filter>
    </ClCompile>
    <ClCompile Include="$(MSBuildThisFileDirectory)Helpers\Thread.cpp">
      <Filter>Thread</Filter>
    </ClCompile>
    <ClCompile Include="$(MSBuildThisFileDirectory)Helpers\ThreadEx.cpp">
      <Filter>Thread</Filter>
    </ClCompile>
    <ClCompile Include="$(MSBuildThisFileDirectory)Helpers\MediaFoundation\MFUser.cpp">
      <Filter>MediaFoundation</Filter>
    </ClCompile>
    <ClCompile Include="$(MSBuildThisFileDirectory)Helpers\FilesCollection.cpp">
      <Filter>FileSystem</Filter>
    </ClCompile>
    <ClCompile Include="$(MSBuildThisFileDirectory)Helpers\FileSystem.cpp">
      <Filter>FileSystem</Filter>
    </ClCompile>
    <ClCompile Include="$(MSBuildThisFileDirectory)Helpers\MappedFilesCollection.cpp">
      <Filter>FileSystem</Filter>
    </ClCompile>
    <ClCompile Include="$(MSBuildThisFileDirectory)Helpers\Action.cpp">
      <Filter>_Sources</Filter>
    </ClCompile>
    <ClCompile Include="$(MSBuildThisFileDirectory)Helpers\BIOS.cpp">
      <Filter>_Sources</Filter>
    </ClCompile>
    <ClCompile Include="$(MSBuildThisFileDirectory)Helpers\CancellationToken.cpp">
      <Filter>_Sources</Filter>
    </ClCompile>
    <ClCompile Include="$(MSBuildThisFileDirectory)Helpers\Channel.cpp">
      <Filter>_Sources</Filter>
    </ClCompile>
    <ClCompile Include="$(MSBuildThisFileDirectory)Helpers\Conversion.cpp">
      <Filter>_Sources</Filter>
    </ClCompile>
    <ClCompile Include="$(MSBuildThisFileDirectory)Helpers\CrashHandler.cpp">
      <Filter>_Sources</Filter>
    </ClCompile>
    <ClCompile Include="$(MSBuildThisFileDirectory)Helpers\CrashInfo.cpp">
      <Filter>_Sources</Filter>
    </ClCompile>
    <ClCompile Include="$(MSBuildThisFileDirectory)Helpers\Helpers.cpp">
      <Filter>_Sources</Filter>
    </ClCompile>
    <ClCompile Include="$(MSBuildThisFileDirectory)Helpers\Input.cpp">
      <Filter>_Sources</Filter>
    </ClCompile>
    <ClCompile Include="$(MSBuildThisFileDirectory)Helpers\PackageProvider.cpp">
      <Filter>_Sources</Filter>
    </ClCompile>
    <ClCompile Include="$(MSBuildThisFileDirectory)Helpers\RegistryManager.cpp">
      <Filter>_Sources</Filter>
    </ClCompile>
    <ClCompile Include="$(MSBuildThisFileDirectory)Helpers\Socket.cpp">
      <Filter>_Sources</Filter>
    </ClCompile>
    <ClCompile Include="$(MSBuildThisFileDirectory)Helpers\StdRedirection.cpp">
      <Filter>_Sources</Filter>
    </ClCompile>
    <ClCompile Include="$(MSBuildThisFileDirectory)Helpers\String.cpp">
      <Filter>_Sources</Filter>
    </ClCompile>
    <ClCompile Include="$(MSBuildThisFileDirectory)Helpers\Exceptions.cpp">
      <Filter>_Sources</Filter>
    </ClCompile>
    <ClCompile Include="$(MSBuildThisFileDirectory)Helpers\SystemInfo.cpp">
      <Filter>_Sources</Filter>
    </ClCompile>
    <ClCompile Include="$(MSBuildThisFileDirectory)Helpers\Time.cpp">
      <Filter>_Sources</Filter>
    </ClCompile>
    <ClCompile Include="$(MSBuildThisFileDirectory)Helpers\UniqueHandle.cpp">
      <Filter>_Sources</Filter>
    </ClCompile>
    <ClCompile Include="$(MSBuildThisFileDirectory)Helpers\SystemDataProvider.cpp">
      <Filter>_Sources</Filter>
    </ClCompile>
    <ClCompile Include="$(MSBuildThisFileDirectory)Helpers\Dx\DxHelpers.cpp">
      <Filter>Dx</Filter>
    </ClCompile>
    <ClCompile Include="$(MSBuildThisFileDirectory)Helpers\Dx\DxSettings.cpp">
      <Filter>Dx</Filter>
    </ClCompile>
    <ClCompile Include="$(MSBuildThisFileDirectory)Helpers\EventObject.cpp">
      <Filter>_Sources</Filter>
    </ClCompile>
    <ClCompile Include="$(MSBuildThisFileDirectory)Helpers\Semaphore.cpp">
      <Filter>_Sources</Filter>
    </ClCompile>
    <ClCompile Include="$(MSBuildThisFileDirectory)Helpers\Dx\DxSharedTexture.cpp">
      <Filter>Dx</Filter>
    </ClCompile>
    <ClCompile Include="$(MSBuildThisFileDirectory)Helpers\Dx\SwapChainPanel.cpp">
      <Filter>Dx</Filter>
    </ClCompile>
    <ClCompile Include="$(MSBuildThisFileDirectory)Helpers\Dx\DxDevice.cpp">
      <Filter>Dx</Filter>
    </ClCompile>
    <ClCompile Include="$(MSBuildThisFileDirectory)Helpers\Dx\DxDeviceCtx.cpp">
      <Filter>Dx</Filter>
    </ClCompile>
    <ClCompile Include="$(MSBuildThisFileDirectory)Helpers\Dx\DxDeviceMt.cpp">
      <Filter>Dx</Filter>
    </ClCompile>
    <ClCompile Include="$(MSBuildThisFileDirectory)Helpers\Dx\MFDXGIManagerCustom.cpp">
      <Filter>Dx</Filter>
    </ClCompile>
    <ClCompile Include="$(MSBuildThisFileDirectory)Helpers\SmartVARIANT.cpp">
      <Filter>_Sources</Filter>
    </ClCompile>
    <ClCompile Include="$(MSBuildThisFileDirectory)Helpers\Dx\D2DCtxMt.cpp">
      <Filter>Dx</Filter>
    </ClCompile>
    <ClCompile Include="$(MSBuildThisFileDirectory)Helpers\Dx\DxRenderObjProxy.cpp">
      <Filter>Dx</Filter>
    </ClCompile>
    <ClCompile Include="$(MSBuildThisFileDirectory)Helpers\Dx\DxRenderObjHDR.cpp">
      <Filter>Dx</Filter>
    </ClCompile>
    <ClCompile Include="$(MSBuildThisFileDirectory)Helpers\Dx\RenderPipeline.cpp">
      <Filter>Dx</Filter>
    </ClCompile>
    <ClCompile Include="$(MSBuildThisFileDirectory)Helpers\Dx\DxLinkingGraph.cpp">
      <Filter>Dx</Filter>
    </ClCompile>
    <ClCompile Include="$(MSBuildThisFileDirectory)Helpers\PropertyStoreReader.cpp">
      <Filter>_Sources</Filter>
    </ClCompile>
    <ClCompile Include="$(MSBuildThisFileDirectory)Helpers\SmartPROPVARIANT.cpp">
      <Filter>_Sources</Filter>
    </ClCompile>
    <ClCompile Include="$(MSBuildThisFileDirectory)Helpers\Localization.cpp">
      <Filter>_Sources</Filter>
    </ClCompile>
  </ItemGroup>
  <ItemGroup>
    <ClInclude Include="$(MSBuildThisFileDirectory)Helpers\Gate.h">
      <Filter>Thread</Filter>
    </ClInclude>
    <ClInclude Include="$(MSBuildThisFileDirectory)Helpers\MultithreadMutex.h">
      <Filter>Thread</Filter>
    </ClInclude>
    <ClInclude Include="$(MSBuildThisFileDirectory)Helpers\Thread.h">
      <Filter>Thread</Filter>
    </ClInclude>
    <ClInclude Include="$(MSBuildThisFileDirectory)Helpers\ThreadEx.h">
      <Filter>Thread</Filter>
    </ClInclude>
    <ClInclude Include="$(MSBuildThisFileDirectory)Helpers\ThreadSafeObject.hpp">
      <Filter>Thread</Filter>
    </ClInclude>
    <ClInclude Include="$(MSBuildThisFileDirectory)Helpers\ThreadWaiter.h">
      <Filter>Thread</Filter>
    </ClInclude>
    <ClInclude Include="$(MSBuildThisFileDirectory)Helpers\MediaFoundation\MFInclude.h">
      <Filter>MediaFoundation</Filter>
    </ClInclude>
    <ClInclude Include="$(MSBuildThisFileDirectory)Helpers\MediaFoundation\MFLibs.h">
      <Filter>MediaFoundation</Filter>
    </ClInclude>
    <ClInclude Include="$(MSBuildThisFileDirectory)Helpers\MediaFoundation\MFUser.h">
      <Filter>MediaFoundation</Filter>
    </ClInclude>
    <ClInclude Include="$(MSBuildThisFileDirectory)Helpers\FilesCollection.h">
      <Filter>FileSystem</Filter>
    </ClInclude>
    <ClInclude Include="$(MSBuildThisFileDirectory)Helpers\FilesObserver.h">
      <Filter>FileSystem</Filter>
    </ClInclude>
    <ClInclude Include="$(MSBuildThisFileDirectory)Helpers\FileSystem.h">
      <Filter>FileSystem</Filter>
    </ClInclude>
    <ClInclude Include="$(MSBuildThisFileDirectory)Helpers\FileSystem_inline.h">
      <Filter>FileSystem</Filter>
    </ClInclude>
    <ClInclude Include="$(MSBuildThisFileDirectory)Helpers\MappedFilesCollection.h">
      <Filter>FileSystem</Filter>
    </ClInclude>
    <ClInclude Include="$(MSBuildThisFileDirectory)Helpers\Concurrency.h">
      <Filter>Concurrency</Filter>
    </ClInclude>
    <ClInclude Include="$(MSBuildThisFileDirectory)Helpers\ConcurrentQueue.h">
      <Filter>Concurrency</Filter>
    </ClInclude>
    <ClInclude Include="$(MSBuildThisFileDirectory)Helpers\TaskChain.h">
      <Filter>Concurrency</Filter>
    </ClInclude>
    <ClInclude Include="$(MSBuildThisFileDirectory)Helpers\CallbackCLR.hpp">
      <Filter>CLR</Filter>
    </ClInclude>
    <ClInclude Include="$(MSBuildThisFileDirectory)Helpers\Action.h">
      <Filter>_Headers</Filter>
    </ClInclude>
    <ClInclude Include="$(MSBuildThisFileDirectory)Helpers\AlignedAllocator.h">
      <Filter>_Headers</Filter>
    </ClInclude>
    <ClInclude Include="$(MSBuildThisFileDirectory)Helpers\Bimap.hpp">
      <Filter>_Headers</Filter>
    </ClInclude>
    <ClInclude Include="$(MSBuildThisFileDirectory)Helpers\BIOS.h">
      <Filter>_Headers</Filter>
    </ClInclude>
    <ClInclude Include="$(MSBuildThisFileDirectory)Helpers\Callback.hpp">
      <Filter>_Headers</Filter>
    </ClInclude>
    <ClInclude Include="$(MSBuildThisFileDirectory)Helpers\CancellationToken.h">
      <Filter>_Headers</Filter>
    </ClInclude>
    <ClInclude Include="$(MSBuildThisFileDirectory)Helpers\Channel.h">
      <Filter>_Headers</Filter>
    </ClInclude>
    <ClInclude Include="$(MSBuildThisFileDirectory)Helpers\common.h">
      <Filter>_Headers</Filter>
    </ClInclude>
    <ClInclude Include="$(MSBuildThisFileDirectory)Helpers\Container.hpp">
      <Filter>_Headers</Filter>
    </ClInclude>
    <ClInclude Include="$(MSBuildThisFileDirectory)Helpers\Conversion.h">
      <Filter>_Headers</Filter>
    </ClInclude>
    <ClInclude Include="$(MSBuildThisFileDirectory)Helpers\CoUniquePtr.h">
      <Filter>_Headers</Filter>
    </ClInclude>
    <ClInclude Include="$(MSBuildThisFileDirectory)Helpers\CrashHandler.h">
      <Filter>_Headers</Filter>
    </ClInclude>
    <ClInclude Include="$(MSBuildThisFileDirectory)Helpers\CrashInfo.h">
      <Filter>_Headers</Filter>
    </ClInclude>
    <ClInclude Include="$(MSBuildThisFileDirectory)Helpers\Event.hpp">
      <Filter>_Headers</Filter>
    </ClInclude>
    <ClInclude Include="$(MSBuildThisFileDirectory)Helpers\File.h">
      <Filter>_Headers</Filter>
    </ClInclude>
    <ClInclude Include="$(MSBuildThisFileDirectory)Helpers\Flags.h">
      <Filter>_Headers</Filter>
    </ClInclude>
    <ClInclude Include="$(MSBuildThisFileDirectory)Helpers\FunctionTraits.hpp">
      <Filter>_Headers</Filter>
    </ClInclude>
    <ClInclude Include="$(MSBuildThisFileDirectory)Helpers\GetAddressOf.h">
      <Filter>_Headers</Filter>
    </ClInclude>
    <ClInclude Include="$(MSBuildThisFileDirectory)Helpers\Helpers.h">
      <Filter>_Headers</Filter>
    </ClInclude>
    <ClInclude Include="$(MSBuildThisFileDirectory)Helpers\HWindows.h">
      <Filter>_Headers</Filter>
    </ClInclude>
    <ClInclude Include="$(MSBuildThisFileDirectory)Helpers\Input.h">
      <Filter>_Headers</Filter>
    </ClInclude>
    <ClInclude Include="$(MSBuildThisFileDirectory)Helpers\IpTranslator.h">
      <Filter>_Headers</Filter>
    </ClInclude>
    <ClInclude Include="$(MSBuildThisFileDirectory)Helpers\LocalPtr.hpp">
      <Filter>_Headers</Filter>
    </ClInclude>
    <ClInclude Include="$(MSBuildThisFileDirectory)Helpers\Logger.h">
      <Filter>_Headers</Filter>
    </ClInclude>
    <ClInclude Include="$(MSBuildThisFileDirectory)Helpers\Macros.h">
      <Filter>_Headers</Filter>
    </ClInclude>
    <ClInclude Include="$(MSBuildThisFileDirectory)Helpers\MoveLambda.hpp">
      <Filter>_Headers</Filter>
    </ClInclude>
    <ClInclude Include="$(MSBuildThisFileDirectory)Helpers\PackageProvider.h">
      <Filter>_Headers</Filter>
    </ClInclude>
    <ClInclude Include="$(MSBuildThisFileDirectory)Helpers\Passkey.hpp">
      <Filter>_Headers</Filter>
    </ClInclude>
    <ClInclude Include="$(MSBuildThisFileDirectory)Helpers\Rational.h">
      <Filter>_Headers</Filter>
    </ClInclude>
    <ClInclude Include="$(MSBuildThisFileDirectory)Helpers\RegistryManager.h">
      <Filter>_Headers</Filter>
    </ClInclude>
    <ClInclude Include="$(MSBuildThisFileDirectory)Helpers\Scope.h">
      <Filter>_Headers</Filter>
    </ClInclude>
    <ClInclude Include="$(MSBuildThisFileDirectory)Helpers\Signal.h">
      <Filter>_Headers</Filter>
    </ClInclude>
    <ClInclude Include="$(MSBuildThisFileDirectory)Helpers\Singleton.hpp">
      <Filter>_Headers</Filter>
    </ClInclude>
    <ClInclude Include="$(MSBuildThisFileDirectory)Helpers\Socket.h">
      <Filter>_Headers</Filter>
    </ClInclude>
    <ClInclude Include="$(MSBuildThisFileDirectory)Helpers\String.h">
      <Filter>_Headers</Filter>
    </ClInclude>
    <ClInclude Include="$(MSBuildThisFileDirectory)Helpers\String.hpp">
      <Filter>_Headers</Filter>
    </ClInclude>
    <ClInclude Include="$(MSBuildThisFileDirectory)Helpers\Exceptions.h">
      <Filter>_Headers</Filter>
    </ClInclude>
    <ClInclude Include="$(MSBuildThisFileDirectory)Helpers\SystemDataProvider.h">
      <Filter>_Headers</Filter>
    </ClInclude>
    <ClInclude Include="$(MSBuildThisFileDirectory)Helpers\SystemInfo.h">
      <Filter>_Headers</Filter>
    </ClInclude>
    <ClInclude Include="$(MSBuildThisFileDirectory)Helpers\StdRedirection.h">
      <Filter>_Headers</Filter>
    </ClInclude>
    <ClInclude Include="$(MSBuildThisFileDirectory)Helpers\Time.h">
      <Filter>_Headers</Filter>
    </ClInclude>
    <ClInclude Include="$(MSBuildThisFileDirectory)Helpers\TokenContext.hpp">
      <Filter>_Headers</Filter>
    </ClInclude>
    <ClInclude Include="$(MSBuildThisFileDirectory)Helpers\TokenSingleton.hpp">
      <Filter>_Headers</Filter>
    </ClInclude>
    <ClInclude Include="$(MSBuildThisFileDirectory)Helpers\TypeTraits.hpp">
      <Filter>_Headers</Filter>
    </ClInclude>
    <ClInclude Include="$(MSBuildThisFileDirectory)Helpers\UniqueHandle.h">
      <Filter>_Headers</Filter>
    </ClInclude>
    <ClInclude Include="$(MSBuildThisFileDirectory)Helpers\Async\AsyncTasks.h">
      <Filter>Async</Filter>
    </ClInclude>
    <ClInclude Include="$(MSBuildThisFileDirectory)Helpers\Async\Awaitables.h">
      <Filter>Async</Filter>
    </ClInclude>
    <ClInclude Include="$(MSBuildThisFileDirectory)Helpers\Async\CoTask.h">
      <Filter>Async</Filter>
    </ClInclude>
    <ClInclude Include="$(MSBuildThisFileDirectory)Helpers\TypeSwitch.h">
      <Filter>_Headers</Filter>
    </ClInclude>
    <ClInclude Include="$(MSBuildThisFileDirectory)Helpers\CallbackWinRT.hpp">
      <Filter>WinRT</Filter>
    </ClInclude>
    <ClInclude Include="$(MSBuildThisFileDirectory)Helpers\Math.h">
      <Filter>_Headers</Filter>
    </ClInclude>
    <ClInclude Include="$(MSBuildThisFileDirectory)Helpers\MediaFoundation\MediaTypeInfo.h">
      <Filter>MediaFoundation</Filter>
    </ClInclude>
    <ClInclude Include="$(MSBuildThisFileDirectory)Helpers\MediaFoundation\SampleInfo.h">
      <Filter>MediaFoundation</Filter>
    </ClInclude>
    <ClInclude Include="$(MSBuildThisFileDirectory)Helpers\Dx\DxHelpers.h">
      <Filter>Dx</Filter>
    </ClInclude>
    <ClInclude Include="$(MSBuildThisFileDirectory)Helpers\Dx\DxSettings.h">
      <Filter>Dx</Filter>
    </ClInclude>
    <ClInclude Include="$(MSBuildThisFileDirectory)Helpers\Memory.h">
      <Filter>_Headers</Filter>
    </ClInclude>
    <ClInclude Include="$(MSBuildThisFileDirectory)Helpers\Semaphore.h">
      <Filter>_Headers</Filter>
    </ClInclude>
    <ClInclude Include="$(MSBuildThisFileDirectory)Helpers\EventObject.h">
      <Filter>_Headers</Filter>
    </ClInclude>
    <ClInclude Include="$(MSBuildThisFileDirectory)Helpers\Dx\DxSharedTexture.h">
      <Filter>Dx</Filter>
    </ClInclude>
    <ClInclude Include="$(MSBuildThisFileDirectory)Helpers\Dx\DxgiDeviceLock.h">
      <Filter>Dx</Filter>
    </ClInclude>
    <ClInclude Include="$(MSBuildThisFileDirectory)Helpers\Span.hpp">
      <Filter>_Headers</Filter>
    </ClInclude>
    <ClInclude Include="$(MSBuildThisFileDirectory)Helpers\System.h">
      <Filter>_Headers</Filter>
    </ClInclude>
    <ClInclude Include="$(MSBuildThisFileDirectory)Helpers\LoggingAssert.h">
      <Filter>_Headers</Filter>
    </ClInclude>
    <ClInclude Include="$(MSBuildThisFileDirectory)Helpers\LoggingErrors.h">
      <Filter>_Headers</Filter>
    </ClInclude>
    <ClInclude Include="$(MSBuildThisFileDirectory)Helpers\LoggingMultifile.h">
      <Filter>_Headers</Filter>
    </ClInclude>
    <ClInclude Include="$(MSBuildThisFileDirectory)Helpers\LoggingThread.h">
      <Filter>_Headers</Filter>
    </ClInclude>
    <ClInclude Include="$(MSBuildThisFileDirectory)Helpers\LoggingVerbose.h">
      <Filter>_Headers</Filter>
    </ClInclude>
    <ClInclude Include="$(MSBuildThisFileDirectory)Helpers\LoggingHresult.h">
      <Filter>_Headers</Filter>
    </ClInclude>
    <ClInclude Include="$(MSBuildThisFileDirectory)Helpers\Dx\SwapChainPanel.h">
      <Filter>Dx</Filter>
    </ClInclude>
    <ClInclude Include="$(MSBuildThisFileDirectory)Helpers\Dx\DxIncludes.h">
      <Filter>Dx</Filter>
    </ClInclude>
    <ClInclude Include="$(MSBuildThisFileDirectory)Helpers\Dx\DxLibs.h">
      <Filter>Dx</Filter>
    </ClInclude>
    <ClInclude Include="$(MSBuildThisFileDirectory)Helpers\Dx\DxDevice.h">
      <Filter>Dx</Filter>
    </ClInclude>
    <ClInclude Include="$(MSBuildThisFileDirectory)Helpers\Dx\DxDeviceCtx.h">
      <Filter>Dx</Filter>
    </ClInclude>
    <ClInclude Include="$(MSBuildThisFileDirectory)Helpers\Dx\DxDeviceMt.h">
      <Filter>Dx</Filter>
    </ClInclude>
    <ClInclude Include="$(MSBuildThisFileDirectory)Helpers\Dx\MFDXGIManagerCustom.h">
      <Filter>Dx</Filter>
    </ClInclude>
    <ClInclude Include="$(MSBuildThisFileDirectory)Helpers\Com\IUnknownValue.h">
      <Filter>Com</Filter>
    </ClInclude>
    <ClInclude Include="$(MSBuildThisFileDirectory)Helpers\Com\UnknownValue.h">
      <Filter>Com</Filter>
    </ClInclude>
    <ClInclude Include="$(MSBuildThisFileDirectory)Helpers\Com\ComMutex.h">
      <Filter>Com</Filter>
    </ClInclude>
    <ClInclude Include="$(MSBuildThisFileDirectory)Helpers\BoostAsioSafe.h">
      <Filter>_Headers</Filter>
    </ClInclude>
    <ClInclude Include="$(MSBuildThisFileDirectory)Helpers\BoostIsSupported.h">
      <Filter>_Headers</Filter>
    </ClInclude>
    <ClInclude Include="$(MSBuildThisFileDirectory)Helpers\SmartVARIANT.h">
      <Filter>_Headers</Filter>
    </ClInclude>
    <ClInclude Include="$(MSBuildThisFileDirectory)Helpers\Byteswap.h">
      <Filter>_Headers</Filter>
    </ClInclude>
    <ClInclude Include="$(MSBuildThisFileDirectory)Helpers\IEvent.h">
      <Filter>_Headers</Filter>
    </ClInclude>
    <ClInclude Include="$(MSBuildThisFileDirectory)Helpers\Mutex.h">
      <Filter>Thread</Filter>
    </ClInclude>
    <ClInclude Include="$(MSBuildThisFileDirectory)Helpers\Dx\Shaders\ShadersCommon.h">
      <Filter>Dx\Shaders</Filter>
    </ClInclude>
    <ClInclude Include="$(MSBuildThisFileDirectory)Helpers\Dx\D2DCtxMt.h">
      <Filter>Dx</Filter>
    </ClInclude>
    <ClInclude Include="$(MSBuildThisFileDirectory)Helpers\Dx\ISwapChainPanel.h">
      <Filter>Dx</Filter>
    </ClInclude>
    <ClInclude Include="$(MSBuildThisFileDirectory)Helpers\Dx\DxRenderObjProxy.h">
      <Filter>Dx</Filter>
    </ClInclude>
    <ClInclude Include="$(MSBuildThisFileDirectory)Helpers\Dx\DxRenderObjBase.h">
      <Filter>Dx</Filter>
    </ClInclude>
    <ClInclude Include="$(MSBuildThisFileDirectory)Helpers\Dx\DxRenderObjHDR.h">
      <Filter>Dx</Filter>
    </ClInclude>
    <ClInclude Include="$(MSBuildThisFileDirectory)Helpers\JSONLoader.hpp">
      <Filter>_Headers</Filter>
    </ClInclude>
    <ClInclude Include="$(MSBuildThisFileDirectory)Helpers\Dx\RenderPipeline.h">
      <Filter>Dx</Filter>
    </ClInclude>
    <ClInclude Include="$(MSBuildThisFileDirectory)Helpers\Dx\DxLinkingGraph.h">
      <Filter>Dx</Filter>
    </ClInclude>
    <ClInclude Include="$(MSBuildThisFileDirectory)Helpers\Dx\DxConstantBuffer.h">
      <Filter>Dx</Filter>
    </ClInclude>
    <ClInclude Include="$(MSBuildThisFileDirectory)Helpers\Dx\DxShaderModule.h">
      <Filter>Dx</Filter>
    </ClInclude>
    <ClInclude Include="$(MSBuildThisFileDirectory)Helpers\Dx\HlslModule.h">
      <Filter>Dx</Filter>
    </ClInclude>
    <ClInclude Include="$(MSBuildThisFileDirectory)Helpers\CLR\UniquePtr.h">
      <Filter>CLR</Filter>
    </ClInclude>
    <ClInclude Include="$(MSBuildThisFileDirectory)Helpers\CLR\SharedPtr.h">
      <Filter>CLR</Filter>
    </ClInclude>
    <ClInclude Include="$(MSBuildThisFileDirectory)Helpers\IEnumerable.h">
      <Filter>_Headers</Filter>
    </ClInclude>
    <ClInclude Include="$(MSBuildThisFileDirectory)Helpers\IObservableCollection.h">
      <Filter>_Headers</Filter>
    </ClInclude>
    <ClInclude Include="$(MSBuildThisFileDirectory)Helpers\IWeakEvent.h">
      <Filter>_Headers</Filter>
    </ClInclude>
    <ClInclude Include="$(MSBuildThisFileDirectory)Helpers\WeakEvent.h">
      <Filter>_Headers</Filter>
    </ClInclude>
    <ClInclude Include="$(MSBuildThisFileDirectory)Helpers\StdEnumerable.h">
      <Filter>_Headers</Filter>
    </ClInclude>
    <ClInclude Include="$(MSBuildThisFileDirectory)Helpers\SmartPROPVARIANT.h">
      <Filter>_Headers</Filter>
    </ClInclude>
    <ClInclude Include="$(MSBuildThisFileDirectory)Helpers\ObservableCollection.h">
      <Filter>_Headers</Filter>
    </ClInclude>
    <ClInclude Include="$(MSBuildThisFileDirectory)Helpers\ObservableCollectionTransform.h">
      <Filter>_Headers</Filter>
    </ClInclude>
    <ClInclude Include="$(MSBuildThisFileDirectory)Helpers\PropertyStoreKeyRef.h">
      <Filter>_Headers</Filter>
    </ClInclude>
    <ClInclude Include="$(MSBuildThisFileDirectory)Helpers\PropertyStoreReader.h">
      <Filter>_Headers</Filter>
    </ClInclude>
    <ClInclude Include="$(MSBuildThisFileDirectory)Helpers\Config.h">
      <Filter>_Headers</Filter>
    </ClInclude>
    <ClInclude Include="$(MSBuildThisFileDirectory)Helpers\Regex.h">
      <Filter>_Headers</Filter>
    </ClInclude>
    <ClInclude Include="$(MSBuildThisFileDirectory)Helpers\ExtStdMemory.h">
      <Filter>_Headers</Filter>
    </ClInclude>
    <ClInclude Include="$(MSBuildThisFileDirectory)Helpers\Concepts.h">
      <Filter>_Headers</Filter>
    </ClInclude>
    <ClInclude Include="$(MSBuildThisFileDirectory)Helpers\AppFeaturesBase.h">
      <Filter>_Headers</Filter>
    </ClInclude>
    <ClInclude Include="$(MSBuildThisFileDirectory)Helpers\Localization.h">
      <Filter>_Headers</Filter>
    </ClInclude>
    <ClInclude Include="$(MSBuildThisFileDirectory)Helpers\AsRefOrPtr.h" />
  </ItemGroup>
  <ItemGroup>
    <FxCompile Include="$(MSBuildThisFileDirectory)Helpers\Dx\Shaders\defaultVS.hlsl">
      <Filter>Dx\Shaders</Filter>
    </FxCompile>
    <FxCompile Include="$(MSBuildThisFileDirectory)Helpers\Dx\Shaders\defaultPS.hlsl">
      <Filter>Dx\Shaders</Filter>
    </FxCompile>
  </ItemGroup>
  <ItemGroup>
    <None Include="$(MSBuildThisFileDirectory)$(MSBuildThisFileName).targets" />
  </ItemGroup>
</Project>