<?xml version="1.0" encoding="utf-8"?>
<Project ToolsVersion="15.0" xmlns="http://schemas.microsoft.com/developer/msbuild/2003">
  <ItemGroup>
    <None Include="HelpersWinApi.CX.targets" />
    <None Include="packages.config" />
  </ItemGroup>
  <ItemGroup>
    <Filter Include="Sources">
      <UniqueIdentifier>{16ab7656-03ca-4bcc-907f-7f9836bb5397}</UniqueIdentifier>
    </Filter>
  </ItemGroup>
  <ItemGroup>
    <ClCompile Include="HelpersWinApiCX\HelpersWinApiCX.cpp">
      <Filter>Sources</Filter>
    </ClCompile>
  </ItemGroup>
  <ItemGroup>
    <ClInclude Include="HelpersWinApiCX\HelpersWinApiCX.h">
      <Filter>Sources</Filter>
    </ClInclude>
  </ItemGroup>
</Project>