<?xml version="1.0" encoding="utf-8"?>
<Project ToolsVersion="4.0" xmlns="http://schemas.microsoft.com/developer/msbuild/2003">
  <ItemGroup>
    <ClCompile Include="$(MSBuildThisFileDirectory)MediaRecorderCore\Platform\AacCodecFactory.cpp">
      <Filter>Sources</Filter>
    </ClCompile>
    <ClCompile Include="$(MSBuildThisFileDirectory)MediaRecorderCore\Platform\AlacCodecFactory.cpp">
      <Filter>Sources</Filter>
    </ClCompile>
    <ClCompile Include="$(MSBuildThisFileDirectory)MediaRecorderCore\Platform\AmrNbCodecFactory.cpp">
      <Filter>Sources</Filter>
    </ClCompile>
    <ClCompile Include="$(MSBuildThisFileDirectory)MediaRecorderCore\Platform\DolbyAC3CodecFactory.cpp">
      <Filter>Sources</Filter>
    </ClCompile>
    <ClCompile Include="$(MSBuildThisFileDirectory)MediaRecorderCore\Platform\EncoderEnumerator.cpp">
      <Filter>Sources</Filter>
    </ClCompile>
    <ClCompile Include="$(MSBuildThisFileDirectory)MediaRecorderCore\Platform\FlacCodecFactory.cpp">
      <Filter>Sources</Filter>
    </ClCompile>
    <ClCompile Include="$(MSBuildThisFileDirectory)MediaRecorderCore\Platform\MP3CodecFactory.cpp">
      <Filter>Sources</Filter>
    </ClCompile>
    <ClCompile Include="$(MSBuildThisFileDirectory)MediaRecorderCore\Platform\PlatformClassFactory.cpp">
      <Filter>Sources</Filter>
    </ClCompile>
    <ClCompile Include="$(MSBuildThisFileDirectory)MediaRecorderCore\Platform\PlatformHelpers.cpp">
      <Filter>Sources</Filter>
    </ClCompile>
    <ClCompile Include="$(MSBuildThisFileDirectory)MediaRecorderCore\Platform\Wma8CodecFactory.cpp">
      <Filter>Sources</Filter>
    </ClCompile>
  </ItemGroup>
  <ItemGroup>
    <ClInclude Include="$(MSBuildThisFileDirectory)MediaRecorderCore\Platform\AacCodecFactory.h">
      <Filter>Sources</Filter>
    </ClInclude>
    <ClInclude Include="$(MSBuildThisFileDirectory)MediaRecorderCore\Platform\AlacCodecFactory.h">
      <Filter>Sources</Filter>
    </ClInclude>
    <ClInclude Include="$(MSBuildThisFileDirectory)MediaRecorderCore\Platform\AmrNbCodecFactory.h">
      <Filter>Sources</Filter>
    </ClInclude>
    <ClInclude Include="$(MSBuildThisFileDirectory)MediaRecorderCore\Platform\DolbyAC3CodecFactory.h">
      <Filter>Sources</Filter>
    </ClInclude>
    <ClInclude Include="$(MSBuildThisFileDirectory)MediaRecorderCore\Platform\EncoderEnumerator.h">
      <Filter>Sources</Filter>
    </ClInclude>
    <ClInclude Include="$(MSBuildThisFileDirectory)MediaRecorderCore\Platform\FlacCodecFactory.h">
      <Filter>Sources</Filter>
    </ClInclude>
    <ClInclude Include="$(MSBuildThisFileDirectory)MediaRecorderCore\Platform\MP3CodecFactory.h">
      <Filter>Sources</Filter>
    </ClInclude>
    <ClInclude Include="$(MSBuildThisFileDirectory)MediaRecorderCore\Platform\PlatformHelpers.h">
      <Filter>Sources</Filter>
    </ClInclude>
    <ClInclude Include="$(MSBuildThisFileDirectory)MediaRecorderCore\Platform\Wma8CodecFactory.h">
      <Filter>Sources</Filter>
    </ClInclude>
  </ItemGroup>
  <ItemGroup>
    <Filter Include="Sources">
      <UniqueIdentifier>{9c00b102-9aa2-48d8-a726-0b440e2078de}</UniqueIdentifier>
    </Filter>
  </ItemGroup>
  <ItemGroup>
    <None Include="$(MSBuildThisFileDirectory)MediaRecorderCore.Shared.UWP.targets" />
  </ItemGroup>
</Project>