<?xml version="1.0" encoding="utf-8"?>
<Project ToolsVersion="4.0" xmlns="http://schemas.microsoft.com/developer/msbuild/2003">
    <ItemGroup>
        <Filter Include="Android" />
        <Filter Include="build" />
        <Filter Include="build\native" />
        <Filter Include="cmake" />
        <Filter Include="ThirdParty" />
        <Filter Include="ThirdParty\ANGLE" />
    </ItemGroup>
    <ItemGroup>
        <None Include="Android\CMakeLists.txt"><Filter>Android</Filter></None>
        <None Include="build\native\XamlRuntime.targets"><Filter>build\native</Filter></None>
        <None Include="cmake\XamlRuntimeConfig.cmake"><Filter>cmake</Filter></None>
        <None Include="Nuget.XamlRuntime.Pack.ps1" />
        <None Include="ThirdParty\ANGLE\vcpkg.json"><Filter>ThirdParty\ANGLE</Filter></None>
        <None Include="XamlRuntime.nuspec" />
    </ItemGroup>
</Project>